// !$*UTF8*$!
{
	archiveVersion = 1;
	classes = {
	};
	objectVersion = 46;
	objects = {

/* Begin PBXBuildFile section */
		323009861997374800B4FE5E /* AppDelegate.swift in Sources */ = {isa = PBXBuildFile; fileRef = 323009851997374800B4FE5E /* AppDelegate.swift */; };
		323009891997374800B4FE5E /* PARTNER.xcdatamodeld in Sources */ = {isa = PBXBuildFile; fileRef = 323009871997374800B4FE5E /* PARTNER.xcdatamodeld */; };
		3230098B1997374800B4FE5E /* ViewController.swift in Sources */ = {isa = PBXBuildFile; fileRef = 3230098A1997374800B4FE5E /* ViewController.swift */; };
		3230098E1997374800B4FE5E /* Main.storyboard in Resources */ = {isa = PBXBuildFile; fileRef = 3230098C1997374800B4FE5E /* Main.storyboard */; };
		323009901997374800B4FE5E /* Images.xcassets in Resources */ = {isa = PBXBuildFile; fileRef = 3230098F1997374800B4FE5E /* Images.xcassets */; };
		3230099C1997374800B4FE5E /* PARTNERTests.swift in Sources */ = {isa = PBXBuildFile; fileRef = 3230099B1997374800B4FE5E /* PARTNERTests.swift */; };
/* End PBXBuildFile section */

/* Begin PBXContainerItemProxy section */
		323009961997374800B4FE5E /* PBXContainerItemProxy */ = {
			isa = PBXContainerItemProxy;
			containerPortal = 323009781997374800B4FE5E /* Project object */;
			proxyType = 1;
			remoteGlobalIDString = 3230097F1997374800B4FE5E;
			remoteInfo = PARTNER;
		};
/* End PBXContainerItemProxy section */

/* Begin PBXFileReference section */
		323009801997374800B4FE5E /* PARTNER.app */ = {isa = PBXFileReference; explicitFileType = wrapper.application; includeInIndex = 0; path = PARTNER.app; sourceTree = BUILT_PRODUCTS_DIR; };
		323009841997374800B4FE5E /* Info.plist */ = {isa = PBXFileReference; lastKnownFileType = text.plist.xml; path = Info.plist; sourceTree = "<group>"; };
		323009851997374800B4FE5E /* AppDelegate.swift */ = {isa = PBXFileReference; lastKnownFileType = sourcecode.swift; path = AppDelegate.swift; sourceTree = "<group>"; };
		323009881997374800B4FE5E /* PARTNER.xcdatamodel */ = {isa = PBXFileReference; lastKnownFileType = wrapper.xcdatamodel; path = PARTNER.xcdatamodel; sourceTree = "<group>"; };
		3230098A1997374800B4FE5E /* ViewController.swift */ = {isa = PBXFileReference; lastKnownFileType = sourcecode.swift; path = ViewController.swift; sourceTree = "<group>"; };
		3230098D1997374800B4FE5E /* Base */ = {isa = PBXFileReference; lastKnownFileType = file.storyboard; name = Base; path = Base.lproj/Main.storyboard; sourceTree = "<group>"; };
		3230098F1997374800B4FE5E /* Images.xcassets */ = {isa = PBXFileReference; lastKnownFileType = folder.assetcatalog; path = Images.xcassets; sourceTree = "<group>"; };
		323009951997374800B4FE5E /* PARTNERTests.xctest */ = {isa = PBXFileReference; explicitFileType = wrapper.cfbundle; includeInIndex = 0; path = PARTNERTests.xctest; sourceTree = BUILT_PRODUCTS_DIR; };
		3230099A1997374800B4FE5E /* Info.plist */ = {isa = PBXFileReference; lastKnownFileType = text.plist.xml; path = Info.plist; sourceTree = "<group>"; };
		3230099B1997374800B4FE5E /* PARTNERTests.swift */ = {isa = PBXFileReference; lastKnownFileType = sourcecode.swift; path = PARTNERTests.swift; sourceTree = "<group>"; };
/* End PBXFileReference section */

/* Begin PBXFrameworksBuildPhase section */
		3230097D1997374800B4FE5E /* Frameworks */ = {
			isa = PBXFrameworksBuildPhase;
			buildActionMask = 2147483647;
			files = (
			);
			runOnlyForDeploymentPostprocessing = 0;
		};
		323009921997374800B4FE5E /* Frameworks */ = {
			isa = PBXFrameworksBuildPhase;
			buildActionMask = 2147483647;
			files = (
			);
			runOnlyForDeploymentPostprocessing = 0;
		};
/* End PBXFrameworksBuildPhase section */

/* Begin PBXGroup section */
		323009771997374800B4FE5E = {
			isa = PBXGroup;
			children = (
				323009821997374800B4FE5E /* PARTNER */,
				323009981997374800B4FE5E /* PARTNERTests */,
				323009811997374800B4FE5E /* Products */,
			);
			sourceTree = "<group>";
		};
		323009811997374800B4FE5E /* Products */ = {
			isa = PBXGroup;
			children = (
				323009801997374800B4FE5E /* PARTNER.app */,
				323009951997374800B4FE5E /* PARTNERTests.xctest */,
			);
			name = Products;
			sourceTree = "<group>";
		};
		323009821997374800B4FE5E /* PARTNER */ = {
			isa = PBXGroup;
			children = (
				323009851997374800B4FE5E /* AppDelegate.swift */,
				3230098A1997374800B4FE5E /* ViewController.swift */,
				3230098C1997374800B4FE5E /* Main.storyboard */,
				3230098F1997374800B4FE5E /* Images.xcassets */,
				323009871997374800B4FE5E /* PARTNER.xcdatamodeld */,
				323009831997374800B4FE5E /* Supporting Files */,
			);
			path = PARTNER;
			sourceTree = "<group>";
		};
		323009831997374800B4FE5E /* Supporting Files */ = {
			isa = PBXGroup;
			children = (
				323009841997374800B4FE5E /* Info.plist */,
			);
			name = "Supporting Files";
			sourceTree = "<group>";
		};
		323009981997374800B4FE5E /* PARTNERTests */ = {
			isa = PBXGroup;
			children = (
				3230099B1997374800B4FE5E /* PARTNERTests.swift */,
				323009991997374800B4FE5E /* Supporting Files */,
			);
			path = PARTNERTests;
			sourceTree = "<group>";
		};
		323009991997374800B4FE5E /* Supporting Files */ = {
			isa = PBXGroup;
			children = (
				3230099A1997374800B4FE5E /* Info.plist */,
			);
			name = "Supporting Files";
			sourceTree = "<group>";
		};
/* End PBXGroup section */

/* Begin PBXNativeTarget section */
		3230097F1997374800B4FE5E /* PARTNER */ = {
			isa = PBXNativeTarget;
			buildConfigurationList = 3230099F1997374800B4FE5E /* Build configuration list for PBXNativeTarget "PARTNER" */;
			buildPhases = (
				3230097C1997374800B4FE5E /* Sources */,
				3230097D1997374800B4FE5E /* Frameworks */,
				3230097E1997374800B4FE5E /* Resources */,
			);
			buildRules = (
			);
			dependencies = (
			);
			name = PARTNER;
			productName = PARTNER;
			productReference = 323009801997374800B4FE5E /* PARTNER.app */;
			productType = "com.apple.product-type.application";
		};
		323009941997374800B4FE5E /* PARTNERTests */ = {
			isa = PBXNativeTarget;
			buildConfigurationList = 323009A21997374800B4FE5E /* Build configuration list for PBXNativeTarget "PARTNERTests" */;
			buildPhases = (
				323009911997374800B4FE5E /* Sources */,
				323009921997374800B4FE5E /* Frameworks */,
				323009931997374800B4FE5E /* Resources */,
			);
			buildRules = (
			);
			dependencies = (
				323009971997374800B4FE5E /* PBXTargetDependency */,
			);
			name = PARTNERTests;
			productName = PARTNERTests;
			productReference = 323009951997374800B4FE5E /* PARTNERTests.xctest */;
			productType = "com.apple.product-type.bundle.unit-test";
		};
/* End PBXNativeTarget section */

/* Begin PBXProject section */
		323009781997374800B4FE5E /* Project object */ = {
			isa = PBXProject;
			attributes = {
				LastUpgradeCheck = 0600;
				ORGANIZATIONNAME = RyoAbe;
				TargetAttributes = {
					3230097F1997374800B4FE5E = {
						CreatedOnToolsVersion = 6.0;
					};
					323009941997374800B4FE5E = {
						CreatedOnToolsVersion = 6.0;
						TestTargetID = 3230097F1997374800B4FE5E;
					};
				};
			};
			buildConfigurationList = 3230097B1997374800B4FE5E /* Build configuration list for PBXProject "PARTNER" */;
			compatibilityVersion = "Xcode 3.2";
			developmentRegion = English;
			hasScannedForEncodings = 0;
			knownRegions = (
				en,
				Base,
			);
			mainGroup = 323009771997374800B4FE5E;
			productRefGroup = 323009811997374800B4FE5E /* Products */;
			projectDirPath = "";
			projectRoot = "";
			targets = (
				3230097F1997374800B4FE5E /* PARTNER */,
				323009941997374800B4FE5E /* PARTNERTests */,
			);
		};
/* End PBXProject section */

/* Begin PBXResourcesBuildPhase section */
		3230097E1997374800B4FE5E /* Resources */ = {
			isa = PBXResourcesBuildPhase;
			buildActionMask = 2147483647;
			files = (
				3230098E1997374800B4FE5E /* Main.storyboard in Resources */,
				323009901997374800B4FE5E /* Images.xcassets in Resources */,
			);
			runOnlyForDeploymentPostprocessing = 0;
		};
		323009931997374800B4FE5E /* Resources */ = {
			isa = PBXResourcesBuildPhase;
			buildActionMask = 2147483647;
			files = (
			);
			runOnlyForDeploymentPostprocessing = 0;
		};
/* End PBXResourcesBuildPhase section */

/* Begin PBXSourcesBuildPhase section */
		3230097C1997374800B4FE5E /* Sources */ = {
			isa = PBXSourcesBuildPhase;
			buildActionMask = 2147483647;
			files = (
				3230098B1997374800B4FE5E /* ViewController.swift in Sources */,
				323009891997374800B4FE5E /* PARTNER.xcdatamodeld in Sources */,
				323009861997374800B4FE5E /* AppDelegate.swift in Sources */,
			);
			runOnlyForDeploymentPostprocessing = 0;
		};
		323009911997374800B4FE5E /* Sources */ = {
			isa = PBXSourcesBuildPhase;
			buildActionMask = 2147483647;
			files = (
				3230099C1997374800B4FE5E /* PARTNERTests.swift in Sources */,
			);
			runOnlyForDeploymentPostprocessing = 0;
		};
/* End PBXSourcesBuildPhase section */

/* Begin PBXTargetDependency section */
		323009971997374800B4FE5E /* PBXTargetDependency */ = {
			isa = PBXTargetDependency;
			target = 3230097F1997374800B4FE5E /* PARTNER */;
			targetProxy = 323009961997374800B4FE5E /* PBXContainerItemProxy */;
		};
/* End PBXTargetDependency section */

/* Begin PBXVariantGroup section */
		3230098C1997374800B4FE5E /* Main.storyboard */ = {
			isa = PBXVariantGroup;
			children = (
				3230098D1997374800B4FE5E /* Base */,
			);
			name = Main.storyboard;
			sourceTree = "<group>";
		};
/* End PBXVariantGroup section */

/* Begin XCBuildConfiguration section */
		3230099D1997374800B4FE5E /* Debug */ = {
			isa = XCBuildConfiguration;
			buildSettings = {
				ALWAYS_SEARCH_USER_PATHS = NO;
				CLANG_CXX_LANGUAGE_STANDARD = "gnu++0x";
				CLANG_CXX_LIBRARY = "libc++";
				CLANG_ENABLE_MODULES = YES;
				CLANG_ENABLE_OBJC_ARC = YES;
				CLANG_WARN_BOOL_CONVERSION = YES;
				CLANG_WARN_CONSTANT_CONVERSION = YES;
				CLANG_WARN_DIRECT_OBJC_ISA_USAGE = YES_ERROR;
				CLANG_WARN_EMPTY_BODY = YES;
				CLANG_WARN_ENUM_CONVERSION = YES;
				CLANG_WARN_INT_CONVERSION = YES;
				CLANG_WARN_OBJC_ROOT_CLASS = YES_ERROR;
				CLANG_WARN_UNREACHABLE_CODE = YES;
				CLANG_WARN__DUPLICATE_METHOD_MATCH = YES;
				"CODE_SIGN_IDENTITY[sdk=iphoneos*]" = "iPhone Developer";
				COPY_PHASE_STRIP = NO;
				ENABLE_STRICT_OBJC_MSGSEND = YES;
				GCC_C_LANGUAGE_STANDARD = gnu99;
				GCC_DYNAMIC_NO_PIC = NO;
				GCC_OPTIMIZATION_LEVEL = 0;
				GCC_PREPROCESSOR_DEFINITIONS = (
					"DEBUG=1",
					"$(inherited)",
				);
				GCC_SYMBOLS_PRIVATE_EXTERN = NO;
				GCC_WARN_64_TO_32_BIT_CONVERSION = YES;
				GCC_WARN_ABOUT_RETURN_TYPE = YES_ERROR;
				GCC_WARN_UNDECLARED_SELECTOR = YES;
				GCC_WARN_UNINITIALIZED_AUTOS = YES_AGGRESSIVE;
				GCC_WARN_UNUSED_FUNCTION = YES;
				GCC_WARN_UNUSED_VARIABLE = YES;
				IPHONEOS_DEPLOYMENT_TARGET = 8.0;
				MTL_ENABLE_DEBUG_INFO = YES;
				ONLY_ACTIVE_ARCH = YES;
				SDKROOT = iphoneos;
				SWIFT_OPTIMIZATION_LEVEL = "-Onone";
			};
			name = Debug;
		};
		3230099E1997374800B4FE5E /* Release */ = {
			isa = XCBuildConfiguration;
			buildSettings = {
				ALWAYS_SEARCH_USER_PATHS = NO;
				CLANG_CXX_LANGUAGE_STANDARD = "gnu++0x";
				CLANG_CXX_LIBRARY = "libc++";
				CLANG_ENABLE_MODULES = YES;
				CLANG_ENABLE_OBJC_ARC = YES;
				CLANG_WARN_BOOL_CONVERSION = YES;
				CLANG_WARN_CONSTANT_CONVERSION = YES;
				CLANG_WARN_DIRECT_OBJC_ISA_USAGE = YES_ERROR;
				CLANG_WARN_EMPTY_BODY = YES;
				CLANG_WARN_ENUM_CONVERSION = YES;
				CLANG_WARN_INT_CONVERSION = YES;
				CLANG_WARN_OBJC_ROOT_CLASS = YES_ERROR;
				CLANG_WARN_UNREACHABLE_CODE = YES;
				CLANG_WARN__DUPLICATE_METHOD_MATCH = YES;
				"CODE_SIGN_IDENTITY[sdk=iphoneos*]" = "iPhone Developer";
				COPY_PHASE_STRIP = YES;
				ENABLE_NS_ASSERTIONS = NO;
				ENABLE_STRICT_OBJC_MSGSEND = YES;
				GCC_C_LANGUAGE_STANDARD = gnu99;
				GCC_WARN_64_TO_32_BIT_CONVERSION = YES;
				GCC_WARN_ABOUT_RETURN_TYPE = YES_ERROR;
				GCC_WARN_UNDECLARED_SELECTOR = YES;
				GCC_WARN_UNINITIALIZED_AUTOS = YES_AGGRESSIVE;
				GCC_WARN_UNUSED_FUNCTION = YES;
				GCC_WARN_UNUSED_VARIABLE = YES;
				IPHONEOS_DEPLOYMENT_TARGET = 8.0;
				MTL_ENABLE_DEBUG_INFO = NO;
				SDKROOT = iphoneos;
				VALIDATE_PRODUCT = YES;
			};
			name = Release;
		};
		323009A01997374800B4FE5E /* Debug */ = {
			isa = XCBuildConfiguration;
			buildSettings = {
				ASSETCATALOG_COMPILER_APPICON_NAME = AppIcon;
				ASSETCATALOG_COMPILER_LAUNCHIMAGE_NAME = LaunchImage;
				INFOPLIST_FILE = PARTNER/Info.plist;
				LD_RUNPATH_SEARCH_PATHS = "$(inherited) @executable_path/Frameworks";
				PRODUCT_NAME = "$(TARGET_NAME)";
			};
			name = Debug;
		};
		323009A11997374800B4FE5E /* Release */ = {
			isa = XCBuildConfiguration;
			buildSettings = {
				ASSETCATALOG_COMPILER_APPICON_NAME = AppIcon;
				ASSETCATALOG_COMPILER_LAUNCHIMAGE_NAME = LaunchImage;
				INFOPLIST_FILE = PARTNER/Info.plist;
				LD_RUNPATH_SEARCH_PATHS = "$(inherited) @executable_path/Frameworks";
				PRODUCT_NAME = "$(TARGET_NAME)";
			};
			name = Release;
		};
		323009A31997374800B4FE5E /* Debug */ = {
			isa = XCBuildConfiguration;
			buildSettings = {
				BUNDLE_LOADER = "$(BUILT_PRODUCTS_DIR)/PARTNER.app/PARTNER";
				FRAMEWORK_SEARCH_PATHS = (
					"$(SDKROOT)/Developer/Library/Frameworks",
					"$(inherited)",
				);
				GCC_PREPROCESSOR_DEFINITIONS = (
					"DEBUG=1",
					"$(inherited)",
				);
				INFOPLIST_FILE = PARTNERTests/Info.plist;
				LD_RUNPATH_SEARCH_PATHS = "$(inherited) @executable_path/Frameworks @loader_path/Frameworks";
				PRODUCT_NAME = "$(TARGET_NAME)";
				TEST_HOST = "$(BUNDLE_LOADER)";
			};
			name = Debug;
		};
		323009A41997374800B4FE5E /* Release */ = {
			isa = XCBuildConfiguration;
			buildSettings = {
				BUNDLE_LOADER = "$(BUILT_PRODUCTS_DIR)/PARTNER.app/PARTNER";
				FRAMEWORK_SEARCH_PATHS = (
					"$(SDKROOT)/Developer/Library/Frameworks",
					"$(inherited)",
				);
				INFOPLIST_FILE = PARTNERTests/Info.plist;
				LD_RUNPATH_SEARCH_PATHS = "$(inherited) @executable_path/Frameworks @loader_path/Frameworks";
				PRODUCT_NAME = "$(TARGET_NAME)";
				TEST_HOST = "$(BUNDLE_LOADER)";
			};
			name = Release;
		};
/* End XCBuildConfiguration section */

/* Begin XCConfigurationList section */
		3230097B1997374800B4FE5E /* Build configuration list for PBXProject "PARTNER" */ = {
			isa = XCConfigurationList;
			buildConfigurations = (
				3230099D1997374800B4FE5E /* Debug */,
				3230099E1997374800B4FE5E /* Release */,
			);
			defaultConfigurationIsVisible = 0;
			defaultConfigurationName = Release;
		};
		3230099F1997374800B4FE5E /* Build configuration list for PBXNativeTarget "PARTNER" */ = {
			isa = XCConfigurationList;
			buildConfigurations = (
				323009A01997374800B4FE5E /* Debug */,
				323009A11997374800B4FE5E /* Release */,
			);
			defaultConfigurationIsVisible = 0;
		};
		323009A21997374800B4FE5E /* Build configuration list for PBXNativeTarget "PARTNERTests" */ = {
			isa = XCConfigurationList;
			buildConfigurations = (
				323009A31997374800B4FE5E /* Debug */,
				323009A41997374800B4FE5E /* Release */,
			);
			defaultConfigurationIsVisible = 0;
		};
/* End XCConfigurationList section */

/* Begin XCVersionGroup section */
		323009871997374800B4FE5E /* PARTNER.xcdatamodeld */ = {
			isa = XCVersionGroup;
			children = (
				323009881997374800B4FE5E /* PARTNER.xcdatamodel */,
			);
			currentVersion = 323009881997374800B4FE5E /* PARTNER.xcdatamodel */;
			path = PARTNER.xcdatamodeld;
			sourceTree = "<group>";
			versionGroupType = wrapper.xcdatamodel;
		};
/* End XCVersionGroup section */
	};
	rootObject = 323009781997374800B4FE5E /* Project object */;
}
