// !$*UTF8*$!
{
	archiveVersion = 1;
	classes = {
	};
	objectVersion = 46;
	objects = {

/* Begin PBXBuildFile section */
		25CFD8FF38CC4948ACB1FFF1 /* libPods-PARTNER.a in Frameworks */ = {isa = PBXBuildFile; fileRef = D9B64D5061C642D792FC3A9A /* libPods-PARTNER.a */; };
		320770951AAD45F800AA76BD /* Extentions+RyoAbe.swift in Sources */ = {isa = PBXBuildFile; fileRef = 320770941AAD45F800AA76BD /* Extentions+RyoAbe.swift */; };
		320870901AAEBAAB009CA2DA /* Logger.swift in Sources */ = {isa = PBXBuildFile; fileRef = 3208708F1AAEBAAB009CA2DA /* Logger.swift */; };
		321058C31AAAF579001EA3D7 /* HistoryViewDataSource.swift in Sources */ = {isa = PBXBuildFile; fileRef = 321058C21AAAF579001EA3D7 /* HistoryViewDataSource.swift */; };
		321058C51AAAF59F001EA3D7 /* HistoryViewDelegate.swift in Sources */ = {isa = PBXBuildFile; fileRef = 321058C41AAAF59F001EA3D7 /* HistoryViewDelegate.swift */; };
		3210A3251AAADF870081C0C0 /* HistoryViewController.swift in Sources */ = {isa = PBXBuildFile; fileRef = 3210A3241AAADF870081C0C0 /* HistoryViewController.swift */; };
		322237951AAAC6260069F0DD /* MainViewController.swift in Sources */ = {isa = PBXBuildFile; fileRef = 3222378D1AAAC6260069F0DD /* MainViewController.swift */; };
		322237961AAAC6260069F0DD /* MessageMenuCell.swift in Sources */ = {isa = PBXBuildFile; fileRef = 3222378F1AAAC6260069F0DD /* MessageMenuCell.swift */; };
		322237971AAAC6260069F0DD /* MessageMenuCell.xib in Resources */ = {isa = PBXBuildFile; fileRef = 322237901AAAC6260069F0DD /* MessageMenuCell.xib */; };
		322237981AAAC6260069F0DD /* StatusBaseView.swift in Sources */ = {isa = PBXBuildFile; fileRef = 322237911AAAC6260069F0DD /* StatusBaseView.swift */; };
		322237991AAAC6260069F0DD /* StatusView.swift in Sources */ = {isa = PBXBuildFile; fileRef = 322237931AAAC6260069F0DD /* StatusView.swift */; };
		3222379A1AAAC6260069F0DD /* StatusView.xib in Resources */ = {isa = PBXBuildFile; fileRef = 322237941AAAC6260069F0DD /* StatusView.xib */; };
		322237A41AAAC6550069F0DD /* AboutViewController.swift in Sources */ = {isa = PBXBuildFile; fileRef = 3222379C1AAAC6550069F0DD /* AboutViewController.swift */; };
		322237A51AAAC6550069F0DD /* LicenseCell.m in Sources */ = {isa = PBXBuildFile; fileRef = 3222379F1AAAC6550069F0DD /* LicenseCell.m */; };
		322237A61AAAC6550069F0DD /* LicenseCell.xib in Resources */ = {isa = PBXBuildFile; fileRef = 322237A01AAAC6550069F0DD /* LicenseCell.xib */; };
		322237A71AAAC6550069F0DD /* LicenseViewController.m in Sources */ = {isa = PBXBuildFile; fileRef = 322237A21AAAC6550069F0DD /* LicenseViewController.m */; };
		322237A81AAAC6550069F0DD /* SettingsViewController.swift in Sources */ = {isa = PBXBuildFile; fileRef = 322237A31AAAC6550069F0DD /* SettingsViewController.swift */; };
		322237AC1AAAC6700069F0DD /* MyQRCodePreviewController.swift in Sources */ = {isa = PBXBuildFile; fileRef = 322237AA1AAAC6700069F0DD /* MyQRCodePreviewController.swift */; };
		322237AD1AAAC6700069F0DD /* QRReaderViewController.swift in Sources */ = {isa = PBXBuildFile; fileRef = 322237AB1AAAC6700069F0DD /* QRReaderViewController.swift */; };
		32246C061B024339000B756B /* StatusType.swift in Sources */ = {isa = PBXBuildFile; fileRef = 32F604651ABD74300097BB9A /* StatusType.swift */; };
		3229B2FD1AA7276200312D60 /* SendMyStatusOperation.swift in Sources */ = {isa = PBXBuildFile; fileRef = 3229B2FC1AA7276200312D60 /* SendMyStatusOperation.swift */; };
		3229B2FF1AA74B2E00312D60 /* UpdatePartnerOperation.swift in Sources */ = {isa = PBXBuildFile; fileRef = 3229B2FE1AA74B2E00312D60 /* UpdatePartnerOperation.swift */; };
		322A09C61AACBDFF0023CA61 /* NSError+Partner.swift in Sources */ = {isa = PBXBuildFile; fileRef = 322A09C51AACBDFF0023CA61 /* NSError+Partner.swift */; };
		323009861997374800B4FE5E /* AppDelegate.swift in Sources */ = {isa = PBXBuildFile; fileRef = 323009851997374800B4FE5E /* AppDelegate.swift */; };
		323009891997374800B4FE5E /* PARTNER.xcdatamodeld in Sources */ = {isa = PBXBuildFile; fileRef = 323009871997374800B4FE5E /* PARTNER.xcdatamodeld */; };
		323009901997374800B4FE5E /* Images.xcassets in Resources */ = {isa = PBXBuildFile; fileRef = 3230098F1997374800B4FE5E /* Images.xcassets */; };
		3230099C1997374800B4FE5E /* PARTNERTests.swift in Sources */ = {isa = PBXBuildFile; fileRef = 3230099B1997374800B4FE5E /* PARTNERTests.swift */; };
		3233227B1B1A194A008659BD /* Localizable.strings in Resources */ = {isa = PBXBuildFile; fileRef = 3233227D1B1A194A008659BD /* Localizable.strings */; };
		3245E8D91AC7D72200FD84F3 /* BaseViewController.swift in Sources */ = {isa = PBXBuildFile; fileRef = 3245E8D81AC7D72200FD84F3 /* BaseViewController.swift */; };
		324748751ADA274F00D33F33 /* UpdateProfileOperation.swift in Sources */ = {isa = PBXBuildFile; fileRef = 324748741ADA274F00D33F33 /* UpdateProfileOperation.swift */; };
		324FE52A19B4CD7F000AF85E /* Main.storyboard in Resources */ = {isa = PBXBuildFile; fileRef = 324FE52019B4CD7F000AF85E /* Main.storyboard */; };
		3252E3721AFBACFD009CCF18 /* Images.xcassets in Resources */ = {isa = PBXBuildFile; fileRef = 3230098F1997374800B4FE5E /* Images.xcassets */; };
		3252E3751AFBADF9009CCF18 /* PARTNERConstants.swift in Sources */ = {isa = PBXBuildFile; fileRef = 3252E3741AFBADF9009CCF18 /* PARTNERConstants.swift */; };
		3252E37A1AFBC513009CCF18 /* StatusMenu.swift in Sources */ = {isa = PBXBuildFile; fileRef = 3252E3791AFBC513009CCF18 /* StatusMenu.swift */; };
		32559A391B08C8060009BD43 /* Logger.swift in Sources */ = {isa = PBXBuildFile; fileRef = 3208708F1AAEBAAB009CA2DA /* Logger.swift */; };
		3258C78C19C9DFDC00843022 /* LoginToFBOperation.swift in Sources */ = {isa = PBXBuildFile; fileRef = 3258C78B19C9DFDC00843022 /* LoginToFBOperation.swift */; };
		32592FAB1A2AF918008E7021 /* BlockActivity.m in Sources */ = {isa = PBXBuildFile; fileRef = 32592F9F1A2AF918008E7021 /* BlockActivity.m */; };
		32592FAC1A2AF918008E7021 /* UIActivity+Blocks.m in Sources */ = {isa = PBXBuildFile; fileRef = 32592FA11A2AF918008E7021 /* UIActivity+Blocks.m */; };
		32592FAF1A2AF918008E7021 /* MRProgressOverlayView+RyoAbe.m in Sources */ = {isa = PBXBuildFile; fileRef = 32592FA81A2AF918008E7021 /* MRProgressOverlayView+RyoAbe.m */; };
		32592FB01A2AF918008E7021 /* UIUtil.m in Sources */ = {isa = PBXBuildFile; fileRef = 32592FAA1A2AF918008E7021 /* UIUtil.m */; };
		325BFC3A1AB53B900052B725 /* PartnersHistoryCell.xib in Resources */ = {isa = PBXBuildFile; fileRef = 325BFC391AB53B900052B725 /* PartnersHistoryCell.xib */; };
		325BFC3C1AB53BBD0052B725 /* HistoryBaseCell.swift in Sources */ = {isa = PBXBuildFile; fileRef = 325BFC3B1AB53BBD0052B725 /* HistoryBaseCell.swift */; };
		326FDC381B1AE62E00E3F6BC /* Localizable.strings in Resources */ = {isa = PBXBuildFile; fileRef = 3233227D1B1A194A008659BD /* Localizable.strings */; };
		326FDC391B1AE68D00E3F6BC /* Localizable.strings in Resources */ = {isa = PBXBuildFile; fileRef = 3233227D1B1A194A008659BD /* Localizable.strings */; };
		327932441A556FCA0030A72F /* GetUserOperation.swift in Sources */ = {isa = PBXBuildFile; fileRef = 327932431A556FCA0030A72F /* GetUserOperation.swift */; };
		329D2E111AF7B74D00B47A31 /* InterfaceController.swift in Sources */ = {isa = PBXBuildFile; fileRef = 329D2E101AF7B74D00B47A31 /* InterfaceController.swift */; };
		329D2E131AF7B74D00B47A31 /* NotificationController.swift in Sources */ = {isa = PBXBuildFile; fileRef = 329D2E121AF7B74D00B47A31 /* NotificationController.swift */; };
		329D2E151AF7B74D00B47A31 /* Images.xcassets in Resources */ = {isa = PBXBuildFile; fileRef = 329D2E141AF7B74D00B47A31 /* Images.xcassets */; };
		329D2E191AF7B74D00B47A31 /* PARTNER WatchKit App.app in Resources */ = {isa = PBXBuildFile; fileRef = 329D2E181AF7B74D00B47A31 /* PARTNER WatchKit App.app */; };
		329D2E211AF7B74D00B47A31 /* Interface.storyboard in Resources */ = {isa = PBXBuildFile; fileRef = 329D2E1F1AF7B74D00B47A31 /* Interface.storyboard */; };
		329D2E231AF7B74D00B47A31 /* Images.xcassets in Resources */ = {isa = PBXBuildFile; fileRef = 329D2E221AF7B74D00B47A31 /* Images.xcassets */; };
		329D2E261AF7B74D00B47A31 /* PARTNER WatchKit Extension.appex in Embed App Extensions */ = {isa = PBXBuildFile; fileRef = 329D2E0B1AF7B74D00B47A31 /* PARTNER WatchKit Extension.appex */; settings = {ATTRIBUTES = (RemoveHeadersOnCopy, ); }; };
		32C82CD31ABDA56500B6CCA7 /* PFObject+Partner.swift in Sources */ = {isa = PBXBuildFile; fileRef = 32C82CD21ABDA56500B6CCA7 /* PFObject+Partner.swift */; };
		32D162E91AB532AE00DB48E0 /* MyHistoryCell.swift in Sources */ = {isa = PBXBuildFile; fileRef = 32D162E51AB532AE00DB48E0 /* MyHistoryCell.swift */; };
		32D162EA1AB532AE00DB48E0 /* MyHistoryCell.xib in Resources */ = {isa = PBXBuildFile; fileRef = 32D162E61AB532AE00DB48E0 /* MyHistoryCell.xib */; };
		32D162EB1AB532AE00DB48E0 /* PartnersHistoryCell.swift in Sources */ = {isa = PBXBuildFile; fileRef = 32D162E71AB532AE00DB48E0 /* PartnersHistoryCell.swift */; };
		32E1BE0919BC2FB800EBE7F7 /* UpdateMyProfileOperation.swift in Sources */ = {isa = PBXBuildFile; fileRef = 32E1BE0819BC2FB800EBE7F7 /* UpdateMyProfileOperation.swift */; };
		32F3C9991A55913D0019F3B0 /* BaseOperation.swift in Sources */ = {isa = PBXBuildFile; fileRef = 32F3C9981A55913D0019F3B0 /* BaseOperation.swift */; };
		32F3C99B1A55923F0019F3B0 /* AddPartnerOperation.swift in Sources */ = {isa = PBXBuildFile; fileRef = 32F3C99A1A55923F0019F3B0 /* AddPartnerOperation.swift */; };
		32F6046B1ABD74300097BB9A /* MyProfile.swift in Sources */ = {isa = PBXBuildFile; fileRef = 32F6045E1ABD74300097BB9A /* MyProfile.swift */; };
		32F6046C1ABD74300097BB9A /* Partner.swift in Sources */ = {isa = PBXBuildFile; fileRef = 32F6045F1ABD74300097BB9A /* Partner.swift */; };
		32F6046D1ABD74300097BB9A /* Profile.swift in Sources */ = {isa = PBXBuildFile; fileRef = 32F604601ABD74300097BB9A /* Profile.swift */; };
		32F6046E1ABD74300097BB9A /* MyStatus.swift in Sources */ = {isa = PBXBuildFile; fileRef = 32F604621ABD74300097BB9A /* MyStatus.swift */; };
		32F6046F1ABD74300097BB9A /* PartnersStatus.swift in Sources */ = {isa = PBXBuildFile; fileRef = 32F604631ABD74300097BB9A /* PartnersStatus.swift */; };
		32F604701ABD74300097BB9A /* Status.swift in Sources */ = {isa = PBXBuildFile; fileRef = 32F604641ABD74300097BB9A /* Status.swift */; };
		32F604711ABD74300097BB9A /* StatusType.swift in Sources */ = {isa = PBXBuildFile; fileRef = 32F604651ABD74300097BB9A /* StatusType.swift */; };
		32F604721ABD74300097BB9A /* DummyStatuses.swift in Sources */ = {isa = PBXBuildFile; fileRef = 32F604671ABD74300097BB9A /* DummyStatuses.swift */; };
		32F604731ABD74300097BB9A /* MyStatuses.swift in Sources */ = {isa = PBXBuildFile; fileRef = 32F604681ABD74300097BB9A /* MyStatuses.swift */; };
		32F604741ABD74300097BB9A /* PartnersStatuses.swift in Sources */ = {isa = PBXBuildFile; fileRef = 32F604691ABD74300097BB9A /* PartnersStatuses.swift */; };
		32F604791ABD74B80097BB9A /* Statuses.swift in Sources */ = {isa = PBXBuildFile; fileRef = 32F604781ABD74B80097BB9A /* Statuses.swift */; };
		32FFE58D1B1AB4CE009459C2 /* LocalizedString.swift in Sources */ = {isa = PBXBuildFile; fileRef = 32FFE58C1B1AB4CE009459C2 /* LocalizedString.swift */; };
		32FFE58E1B1AB5CE009459C2 /* LocalizedString.swift in Sources */ = {isa = PBXBuildFile; fileRef = 32FFE58C1B1AB4CE009459C2 /* LocalizedString.swift */; };
/* End PBXBuildFile section */

/* Begin PBXContainerItemProxy section */
		323009961997374800B4FE5E /* PBXContainerItemProxy */ = {
			isa = PBXContainerItemProxy;
			containerPortal = 323009781997374800B4FE5E /* Project object */;
			proxyType = 1;
			remoteGlobalIDString = 3230097F1997374800B4FE5E;
			remoteInfo = PARTNER;
		};
		329D2E1A1AF7B74D00B47A31 /* PBXContainerItemProxy */ = {
			isa = PBXContainerItemProxy;
			containerPortal = 323009781997374800B4FE5E /* Project object */;
			proxyType = 1;
			remoteGlobalIDString = 329D2E171AF7B74D00B47A31;
			remoteInfo = "PARTNER WatchKit App";
		};
		329D2E241AF7B74D00B47A31 /* PBXContainerItemProxy */ = {
			isa = PBXContainerItemProxy;
			containerPortal = 323009781997374800B4FE5E /* Project object */;
			proxyType = 1;
			remoteGlobalIDString = 329D2E0A1AF7B74D00B47A31;
			remoteInfo = "PARTNER WatchKit Extension";
		};
/* End PBXContainerItemProxy section */

/* Begin PBXCopyFilesBuildPhase section */
		329D2E2D1AF7B74D00B47A31 /* Embed App Extensions */ = {
			isa = PBXCopyFilesBuildPhase;
			buildActionMask = 2147483647;
			dstPath = "";
			dstSubfolderSpec = 13;
			files = (
				329D2E261AF7B74D00B47A31 /* PARTNER WatchKit Extension.appex in Embed App Extensions */,
			);
			name = "Embed App Extensions";
			runOnlyForDeploymentPostprocessing = 0;
		};
/* End PBXCopyFilesBuildPhase section */

/* Begin PBXFileReference section */
		320770941AAD45F800AA76BD /* Extentions+RyoAbe.swift */ = {isa = PBXFileReference; fileEncoding = 4; lastKnownFileType = sourcecode.swift; path = "Extentions+RyoAbe.swift"; sourceTree = "<group>"; };
		3208708F1AAEBAAB009CA2DA /* Logger.swift */ = {isa = PBXFileReference; fileEncoding = 4; lastKnownFileType = sourcecode.swift; path = Logger.swift; sourceTree = "<group>"; };
		321058C21AAAF579001EA3D7 /* HistoryViewDataSource.swift */ = {isa = PBXFileReference; fileEncoding = 4; lastKnownFileType = sourcecode.swift; path = HistoryViewDataSource.swift; sourceTree = "<group>"; };
		321058C41AAAF59F001EA3D7 /* HistoryViewDelegate.swift */ = {isa = PBXFileReference; fileEncoding = 4; lastKnownFileType = sourcecode.swift; path = HistoryViewDelegate.swift; sourceTree = "<group>"; };
		3210A3241AAADF870081C0C0 /* HistoryViewController.swift */ = {isa = PBXFileReference; fileEncoding = 4; lastKnownFileType = sourcecode.swift; path = HistoryViewController.swift; sourceTree = "<group>"; };
		3222378D1AAAC6260069F0DD /* MainViewController.swift */ = {isa = PBXFileReference; fileEncoding = 4; lastKnownFileType = sourcecode.swift; path = MainViewController.swift; sourceTree = "<group>"; };
		3222378F1AAAC6260069F0DD /* MessageMenuCell.swift */ = {isa = PBXFileReference; fileEncoding = 4; lastKnownFileType = sourcecode.swift; path = MessageMenuCell.swift; sourceTree = "<group>"; };
		322237901AAAC6260069F0DD /* MessageMenuCell.xib */ = {isa = PBXFileReference; fileEncoding = 4; lastKnownFileType = file.xib; path = MessageMenuCell.xib; sourceTree = "<group>"; };
		322237911AAAC6260069F0DD /* StatusBaseView.swift */ = {isa = PBXFileReference; fileEncoding = 4; lastKnownFileType = sourcecode.swift; name = StatusBaseView.swift; path = ../StatusBaseView.swift; sourceTree = "<group>"; };
		322237931AAAC6260069F0DD /* StatusView.swift */ = {isa = PBXFileReference; fileEncoding = 4; lastKnownFileType = sourcecode.swift; path = StatusView.swift; sourceTree = "<group>"; };
		322237941AAAC6260069F0DD /* StatusView.xib */ = {isa = PBXFileReference; fileEncoding = 4; lastKnownFileType = file.xib; path = StatusView.xib; sourceTree = "<group>"; };
		3222379C1AAAC6550069F0DD /* AboutViewController.swift */ = {isa = PBXFileReference; fileEncoding = 4; lastKnownFileType = sourcecode.swift; path = AboutViewController.swift; sourceTree = "<group>"; };
		3222379E1AAAC6550069F0DD /* LicenseCell.h */ = {isa = PBXFileReference; fileEncoding = 4; lastKnownFileType = sourcecode.c.h; path = LicenseCell.h; sourceTree = "<group>"; };
		3222379F1AAAC6550069F0DD /* LicenseCell.m */ = {isa = PBXFileReference; fileEncoding = 4; lastKnownFileType = sourcecode.c.objc; path = LicenseCell.m; sourceTree = "<group>"; };
		322237A01AAAC6550069F0DD /* LicenseCell.xib */ = {isa = PBXFileReference; fileEncoding = 4; lastKnownFileType = file.xib; path = LicenseCell.xib; sourceTree = "<group>"; };
		322237A11AAAC6550069F0DD /* LicenseViewController.h */ = {isa = PBXFileReference; fileEncoding = 4; lastKnownFileType = sourcecode.c.h; path = LicenseViewController.h; sourceTree = "<group>"; };
		322237A21AAAC6550069F0DD /* LicenseViewController.m */ = {isa = PBXFileReference; fileEncoding = 4; lastKnownFileType = sourcecode.c.objc; path = LicenseViewController.m; sourceTree = "<group>"; };
		322237A31AAAC6550069F0DD /* SettingsViewController.swift */ = {isa = PBXFileReference; fileEncoding = 4; lastKnownFileType = sourcecode.swift; path = SettingsViewController.swift; sourceTree = "<group>"; };
		322237AA1AAAC6700069F0DD /* MyQRCodePreviewController.swift */ = {isa = PBXFileReference; fileEncoding = 4; lastKnownFileType = sourcecode.swift; path = MyQRCodePreviewController.swift; sourceTree = "<group>"; };
		322237AB1AAAC6700069F0DD /* QRReaderViewController.swift */ = {isa = PBXFileReference; fileEncoding = 4; lastKnownFileType = sourcecode.swift; path = QRReaderViewController.swift; sourceTree = "<group>"; };
		3229B2FC1AA7276200312D60 /* SendMyStatusOperation.swift */ = {isa = PBXFileReference; fileEncoding = 4; lastKnownFileType = sourcecode.swift; path = SendMyStatusOperation.swift; sourceTree = "<group>"; };
		3229B2FE1AA74B2E00312D60 /* UpdatePartnerOperation.swift */ = {isa = PBXFileReference; fileEncoding = 4; lastKnownFileType = sourcecode.swift; path = UpdatePartnerOperation.swift; sourceTree = "<group>"; };
		322A09C51AACBDFF0023CA61 /* NSError+Partner.swift */ = {isa = PBXFileReference; fileEncoding = 4; lastKnownFileType = sourcecode.swift; path = "NSError+Partner.swift"; sourceTree = "<group>"; };
		323009801997374800B4FE5E /* PARTNER.app */ = {isa = PBXFileReference; explicitFileType = wrapper.application; includeInIndex = 0; path = PARTNER.app; sourceTree = BUILT_PRODUCTS_DIR; };
		323009841997374800B4FE5E /* Info.plist */ = {isa = PBXFileReference; lastKnownFileType = text.plist.xml; path = Info.plist; sourceTree = "<group>"; };
		323009851997374800B4FE5E /* AppDelegate.swift */ = {isa = PBXFileReference; lastKnownFileType = sourcecode.swift; path = AppDelegate.swift; sourceTree = "<group>"; };
		323009881997374800B4FE5E /* PARTNER.xcdatamodel */ = {isa = PBXFileReference; lastKnownFileType = wrapper.xcdatamodel; path = PARTNER.xcdatamodel; sourceTree = "<group>"; };
		3230098F1997374800B4FE5E /* Images.xcassets */ = {isa = PBXFileReference; lastKnownFileType = folder.assetcatalog; path = Images.xcassets; sourceTree = "<group>"; };
		323009951997374800B4FE5E /* PARTNERTests.xctest */ = {isa = PBXFileReference; explicitFileType = wrapper.cfbundle; includeInIndex = 0; path = PARTNERTests.xctest; sourceTree = BUILT_PRODUCTS_DIR; };
		3230099A1997374800B4FE5E /* Info.plist */ = {isa = PBXFileReference; lastKnownFileType = text.plist.xml; path = Info.plist; sourceTree = "<group>"; };
		3230099B1997374800B4FE5E /* PARTNERTests.swift */ = {isa = PBXFileReference; lastKnownFileType = sourcecode.swift; path = PARTNERTests.swift; sourceTree = "<group>"; };
		3233226A1B1A17ED008659BD /* ja */ = {isa = PBXFileReference; lastKnownFileType = text.plist.strings; name = ja; path = ja.lproj/Interface.strings; sourceTree = "<group>"; };
		3233226E1B1A185E008659BD /* en */ = {isa = PBXFileReference; lastKnownFileType = text.plist.strings; name = en; path = en.lproj/Interface.strings; sourceTree = "<group>"; };
		3233227C1B1A194A008659BD /* en */ = {isa = PBXFileReference; lastKnownFileType = text.plist.strings; name = en; path = en.lproj/Localizable.strings; sourceTree = "<group>"; };
		3233227E1B1A194B008659BD /* ja */ = {isa = PBXFileReference; lastKnownFileType = text.plist.strings; name = ja; path = ja.lproj/Localizable.strings; sourceTree = "<group>"; };
		323322801B1A1988008659BD /* en */ = {isa = PBXFileReference; lastKnownFileType = text.plist.strings; name = en; path = en.lproj/Main.strings; sourceTree = "<group>"; };
		323322821B1A1992008659BD /* ja */ = {isa = PBXFileReference; lastKnownFileType = text.plist.strings; name = ja; path = ja.lproj/Main.strings; sourceTree = "<group>"; };
		3245E8D81AC7D72200FD84F3 /* BaseViewController.swift */ = {isa = PBXFileReference; fileEncoding = 4; lastKnownFileType = sourcecode.swift; name = BaseViewController.swift; path = MainView/BaseViewController.swift; sourceTree = "<group>"; };
		324748741ADA274F00D33F33 /* UpdateProfileOperation.swift */ = {isa = PBXFileReference; fileEncoding = 4; lastKnownFileType = sourcecode.swift; path = UpdateProfileOperation.swift; sourceTree = "<group>"; };
		324FE52119B4CD7F000AF85E /* Base */ = {isa = PBXFileReference; lastKnownFileType = file.storyboard; name = Base; path = Base.lproj/Main.storyboard; sourceTree = "<group>"; };
		3252E3741AFBADF9009CCF18 /* PARTNERConstants.swift */ = {isa = PBXFileReference; fileEncoding = 4; lastKnownFileType = sourcecode.swift; path = PARTNERConstants.swift; sourceTree = "<group>"; };
		3252E3791AFBC513009CCF18 /* StatusMenu.swift */ = {isa = PBXFileReference; fileEncoding = 4; lastKnownFileType = sourcecode.swift; path = StatusMenu.swift; sourceTree = "<group>"; };
		3258C78B19C9DFDC00843022 /* LoginToFBOperation.swift */ = {isa = PBXFileReference; fileEncoding = 4; lastKnownFileType = sourcecode.swift; path = LoginToFBOperation.swift; sourceTree = "<group>"; };
		32592F9E1A2AF918008E7021 /* BlockActivity.h */ = {isa = PBXFileReference; fileEncoding = 4; lastKnownFileType = sourcecode.c.h; path = BlockActivity.h; sourceTree = "<group>"; };
		32592F9F1A2AF918008E7021 /* BlockActivity.m */ = {isa = PBXFileReference; fileEncoding = 4; lastKnownFileType = sourcecode.c.objc; path = BlockActivity.m; sourceTree = "<group>"; };
		32592FA01A2AF918008E7021 /* UIActivity+Blocks.h */ = {isa = PBXFileReference; fileEncoding = 4; lastKnownFileType = sourcecode.c.h; path = "UIActivity+Blocks.h"; sourceTree = "<group>"; };
		32592FA11A2AF918008E7021 /* UIActivity+Blocks.m */ = {isa = PBXFileReference; fileEncoding = 4; lastKnownFileType = sourcecode.c.objc; path = "UIActivity+Blocks.m"; sourceTree = "<group>"; };
		32592FA71A2AF918008E7021 /* MRProgressOverlayView+RyoAbe.h */ = {isa = PBXFileReference; fileEncoding = 4; lastKnownFileType = sourcecode.c.h; path = "MRProgressOverlayView+RyoAbe.h"; sourceTree = "<group>"; };
		32592FA81A2AF918008E7021 /* MRProgressOverlayView+RyoAbe.m */ = {isa = PBXFileReference; fileEncoding = 4; lastKnownFileType = sourcecode.c.objc; path = "MRProgressOverlayView+RyoAbe.m"; sourceTree = "<group>"; };
		32592FA91A2AF918008E7021 /* UIUtil.h */ = {isa = PBXFileReference; fileEncoding = 4; lastKnownFileType = sourcecode.c.h; path = UIUtil.h; sourceTree = "<group>"; };
		32592FAA1A2AF918008E7021 /* UIUtil.m */ = {isa = PBXFileReference; fileEncoding = 4; lastKnownFileType = sourcecode.c.objc; path = UIUtil.m; sourceTree = "<group>"; };
		325BFC391AB53B900052B725 /* PartnersHistoryCell.xib */ = {isa = PBXFileReference; fileEncoding = 4; lastKnownFileType = file.xib; path = PartnersHistoryCell.xib; sourceTree = "<group>"; };
		325BFC3B1AB53BBD0052B725 /* HistoryBaseCell.swift */ = {isa = PBXFileReference; fileEncoding = 4; lastKnownFileType = sourcecode.swift; path = HistoryBaseCell.swift; sourceTree = "<group>"; };
		327932431A556FCA0030A72F /* GetUserOperation.swift */ = {isa = PBXFileReference; fileEncoding = 4; lastKnownFileType = sourcecode.swift; path = GetUserOperation.swift; sourceTree = "<group>"; };
		329D2E0B1AF7B74D00B47A31 /* PARTNER WatchKit Extension.appex */ = {isa = PBXFileReference; explicitFileType = "wrapper.app-extension"; includeInIndex = 0; path = "PARTNER WatchKit Extension.appex"; sourceTree = BUILT_PRODUCTS_DIR; };
		329D2E0E1AF7B74D00B47A31 /* Info.plist */ = {isa = PBXFileReference; lastKnownFileType = text.plist.xml; path = Info.plist; sourceTree = "<group>"; };
		329D2E0F1AF7B74D00B47A31 /* PushNotificationPayload.apns */ = {isa = PBXFileReference; lastKnownFileType = text; path = PushNotificationPayload.apns; sourceTree = "<group>"; };
		329D2E101AF7B74D00B47A31 /* InterfaceController.swift */ = {isa = PBXFileReference; lastKnownFileType = sourcecode.swift; path = InterfaceController.swift; sourceTree = "<group>"; };
		329D2E121AF7B74D00B47A31 /* NotificationController.swift */ = {isa = PBXFileReference; lastKnownFileType = sourcecode.swift; path = NotificationController.swift; sourceTree = "<group>"; };
		329D2E141AF7B74D00B47A31 /* Images.xcassets */ = {isa = PBXFileReference; lastKnownFileType = folder.assetcatalog; path = Images.xcassets; sourceTree = "<group>"; };
		329D2E181AF7B74D00B47A31 /* PARTNER WatchKit App.app */ = {isa = PBXFileReference; explicitFileType = wrapper.application; includeInIndex = 0; path = "PARTNER WatchKit App.app"; sourceTree = BUILT_PRODUCTS_DIR; };
		329D2E1E1AF7B74D00B47A31 /* Info.plist */ = {isa = PBXFileReference; lastKnownFileType = text.plist.xml; path = Info.plist; sourceTree = "<group>"; };
		329D2E201AF7B74D00B47A31 /* Base */ = {isa = PBXFileReference; lastKnownFileType = file.storyboard; name = Base; path = Base.lproj/Interface.storyboard; sourceTree = "<group>"; };
		329D2E221AF7B74D00B47A31 /* Images.xcassets */ = {isa = PBXFileReference; lastKnownFileType = folder.assetcatalog; path = Images.xcassets; sourceTree = "<group>"; };
		32C82CD21ABDA56500B6CCA7 /* PFObject+Partner.swift */ = {isa = PBXFileReference; fileEncoding = 4; lastKnownFileType = sourcecode.swift; path = "PFObject+Partner.swift"; sourceTree = "<group>"; };
		32D162E51AB532AE00DB48E0 /* MyHistoryCell.swift */ = {isa = PBXFileReference; fileEncoding = 4; lastKnownFileType = sourcecode.swift; path = MyHistoryCell.swift; sourceTree = "<group>"; };
		32D162E61AB532AE00DB48E0 /* MyHistoryCell.xib */ = {isa = PBXFileReference; fileEncoding = 4; lastKnownFileType = file.xib; path = MyHistoryCell.xib; sourceTree = "<group>"; };
		32D162E71AB532AE00DB48E0 /* PartnersHistoryCell.swift */ = {isa = PBXFileReference; fileEncoding = 4; lastKnownFileType = sourcecode.swift; path = PartnersHistoryCell.swift; sourceTree = "<group>"; };
		32E1BE0519BB4E5400EBE7F7 /* PARTNER-Bridging-Header.h */ = {isa = PBXFileReference; lastKnownFileType = sourcecode.c.h; path = "PARTNER-Bridging-Header.h"; sourceTree = "<group>"; };
		32E1BE0819BC2FB800EBE7F7 /* UpdateMyProfileOperation.swift */ = {isa = PBXFileReference; fileEncoding = 4; lastKnownFileType = sourcecode.swift; path = UpdateMyProfileOperation.swift; sourceTree = "<group>"; };
		32F3C9981A55913D0019F3B0 /* BaseOperation.swift */ = {isa = PBXFileReference; fileEncoding = 4; lastKnownFileType = sourcecode.swift; path = BaseOperation.swift; sourceTree = "<group>"; };
		32F3C99A1A55923F0019F3B0 /* AddPartnerOperation.swift */ = {isa = PBXFileReference; fileEncoding = 4; lastKnownFileType = sourcecode.swift; path = AddPartnerOperation.swift; sourceTree = "<group>"; };
		32F6045E1ABD74300097BB9A /* MyProfile.swift */ = {isa = PBXFileReference; fileEncoding = 4; lastKnownFileType = sourcecode.swift; path = MyProfile.swift; sourceTree = "<group>"; };
		32F6045F1ABD74300097BB9A /* Partner.swift */ = {isa = PBXFileReference; fileEncoding = 4; lastKnownFileType = sourcecode.swift; path = Partner.swift; sourceTree = "<group>"; };
		32F604601ABD74300097BB9A /* Profile.swift */ = {isa = PBXFileReference; fileEncoding = 4; lastKnownFileType = sourcecode.swift; path = Profile.swift; sourceTree = "<group>"; };
		32F604621ABD74300097BB9A /* MyStatus.swift */ = {isa = PBXFileReference; fileEncoding = 4; lastKnownFileType = sourcecode.swift; path = MyStatus.swift; sourceTree = "<group>"; };
		32F604631ABD74300097BB9A /* PartnersStatus.swift */ = {isa = PBXFileReference; fileEncoding = 4; lastKnownFileType = sourcecode.swift; path = PartnersStatus.swift; sourceTree = "<group>"; };
		32F604641ABD74300097BB9A /* Status.swift */ = {isa = PBXFileReference; fileEncoding = 4; lastKnownFileType = sourcecode.swift; path = Status.swift; sourceTree = "<group>"; };
		32F604651ABD74300097BB9A /* StatusType.swift */ = {isa = PBXFileReference; fileEncoding = 4; lastKnownFileType = sourcecode.swift; path = StatusType.swift; sourceTree = "<group>"; };
		32F604671ABD74300097BB9A /* DummyStatuses.swift */ = {isa = PBXFileReference; fileEncoding = 4; lastKnownFileType = sourcecode.swift; path = DummyStatuses.swift; sourceTree = "<group>"; };
		32F604681ABD74300097BB9A /* MyStatuses.swift */ = {isa = PBXFileReference; fileEncoding = 4; lastKnownFileType = sourcecode.swift; path = MyStatuses.swift; sourceTree = "<group>"; };
		32F604691ABD74300097BB9A /* PartnersStatuses.swift */ = {isa = PBXFileReference; fileEncoding = 4; lastKnownFileType = sourcecode.swift; path = PartnersStatuses.swift; sourceTree = "<group>"; };
		32F604781ABD74B80097BB9A /* Statuses.swift */ = {isa = PBXFileReference; fileEncoding = 4; lastKnownFileType = sourcecode.swift; path = Statuses.swift; sourceTree = "<group>"; };
		32FFE58C1B1AB4CE009459C2 /* LocalizedString.swift */ = {isa = PBXFileReference; fileEncoding = 4; lastKnownFileType = sourcecode.swift; path = LocalizedString.swift; sourceTree = "<group>"; };
		5AEEFDF16C49165167AD0C9C /* Pods-PARTNER.debug.xcconfig */ = {isa = PBXFileReference; includeInIndex = 1; lastKnownFileType = text.xcconfig; name = "Pods-PARTNER.debug.xcconfig"; path = "Pods/Target Support Files/Pods-PARTNER/Pods-PARTNER.debug.xcconfig"; sourceTree = "<group>"; };
		B40DFF861AFF3EE1B50D737A /* Pods-PARTNER.release.xcconfig */ = {isa = PBXFileReference; includeInIndex = 1; lastKnownFileType = text.xcconfig; name = "Pods-PARTNER.release.xcconfig"; path = "Pods/Target Support Files/Pods-PARTNER/Pods-PARTNER.release.xcconfig"; sourceTree = "<group>"; };
		D9B64D5061C642D792FC3A9A /* libPods-PARTNER.a */ = {isa = PBXFileReference; explicitFileType = archive.ar; includeInIndex = 0; path = "libPods-PARTNER.a"; sourceTree = BUILT_PRODUCTS_DIR; };
/* End PBXFileReference section */

/* Begin PBXFrameworksBuildPhase section */
		3230097D1997374800B4FE5E /* Frameworks */ = {
			isa = PBXFrameworksBuildPhase;
			buildActionMask = 2147483647;
			files = (
				25CFD8FF38CC4948ACB1FFF1 /* libPods-PARTNER.a in Frameworks */,
			);
			runOnlyForDeploymentPostprocessing = 0;
		};
		323009921997374800B4FE5E /* Frameworks */ = {
			isa = PBXFrameworksBuildPhase;
			buildActionMask = 2147483647;
			files = (
			);
			runOnlyForDeploymentPostprocessing = 0;
		};
		329D2E081AF7B74D00B47A31 /* Frameworks */ = {
			isa = PBXFrameworksBuildPhase;
			buildActionMask = 2147483647;
			files = (
			);
			runOnlyForDeploymentPostprocessing = 0;
		};
/* End PBXFrameworksBuildPhase section */

/* Begin PBXGroup section */
		3210A3231AAADF870081C0C0 /* HistoryView */ = {
			isa = PBXGroup;
			children = (
				3210A3241AAADF870081C0C0 /* HistoryViewController.swift */,
				321058C21AAAF579001EA3D7 /* HistoryViewDataSource.swift */,
				321058C41AAAF59F001EA3D7 /* HistoryViewDelegate.swift */,
				325BFC3B1AB53BBD0052B725 /* HistoryBaseCell.swift */,
				32D162E51AB532AE00DB48E0 /* MyHistoryCell.swift */,
				32D162E61AB532AE00DB48E0 /* MyHistoryCell.xib */,
				32D162E71AB532AE00DB48E0 /* PartnersHistoryCell.swift */,
				325BFC391AB53B900052B725 /* PartnersHistoryCell.xib */,
			);
			path = HistoryView;
			sourceTree = "<group>";
		};
		3222378C1AAAC6260069F0DD /* MainView */ = {
			isa = PBXGroup;
			children = (
				3222378D1AAAC6260069F0DD /* MainViewController.swift */,
				3210A3231AAADF870081C0C0 /* HistoryView */,
				3222378E1AAAC6260069F0DD /* MessageMenuCell */,
				322237921AAAC6260069F0DD /* StatusView */,
			);
			path = MainView;
			sourceTree = "<group>";
		};
		3222378E1AAAC6260069F0DD /* MessageMenuCell */ = {
			isa = PBXGroup;
			children = (
				3222378F1AAAC6260069F0DD /* MessageMenuCell.swift */,
				322237901AAAC6260069F0DD /* MessageMenuCell.xib */,
			);
			path = MessageMenuCell;
			sourceTree = "<group>";
		};
		322237921AAAC6260069F0DD /* StatusView */ = {
			isa = PBXGroup;
			children = (
				322237911AAAC6260069F0DD /* StatusBaseView.swift */,
				322237931AAAC6260069F0DD /* StatusView.swift */,
				322237941AAAC6260069F0DD /* StatusView.xib */,
			);
			path = StatusView;
			sourceTree = "<group>";
		};
		3222379B1AAAC6550069F0DD /* SettingsView */ = {
			isa = PBXGroup;
			children = (
				3222379C1AAAC6550069F0DD /* AboutViewController.swift */,
				322237A31AAAC6550069F0DD /* SettingsViewController.swift */,
				3222379D1AAAC6550069F0DD /* License */,
			);
			path = SettingsView;
			sourceTree = "<group>";
		};
		3222379D1AAAC6550069F0DD /* License */ = {
			isa = PBXGroup;
			children = (
				3222379E1AAAC6550069F0DD /* LicenseCell.h */,
				3222379F1AAAC6550069F0DD /* LicenseCell.m */,
				322237A01AAAC6550069F0DD /* LicenseCell.xib */,
				322237A11AAAC6550069F0DD /* LicenseViewController.h */,
				322237A21AAAC6550069F0DD /* LicenseViewController.m */,
			);
			path = License;
			sourceTree = "<group>";
		};
		322237A91AAAC6700069F0DD /* AddPartner */ = {
			isa = PBXGroup;
			children = (
				322237AA1AAAC6700069F0DD /* MyQRCodePreviewController.swift */,
				322237AB1AAAC6700069F0DD /* QRReaderViewController.swift */,
			);
			path = AddPartner;
			sourceTree = "<group>";
		};
		323009771997374800B4FE5E = {
			isa = PBXGroup;
			children = (
				323009821997374800B4FE5E /* PARTNER */,
				323009981997374800B4FE5E /* PARTNERTests */,
				329D2E0C1AF7B74D00B47A31 /* PARTNER WatchKit Extension */,
				329D2E1C1AF7B74D00B47A31 /* PARTNER WatchKit App */,
				323009811997374800B4FE5E /* Products */,
				899953D064E749BDBBCA6AAD /* Frameworks */,
				C67341F0C1948FCF66C7F797 /* Pods */,
			);
			sourceTree = "<group>";
		};
		323009811997374800B4FE5E /* Products */ = {
			isa = PBXGroup;
			children = (
				323009801997374800B4FE5E /* PARTNER.app */,
				323009951997374800B4FE5E /* PARTNERTests.xctest */,
				329D2E0B1AF7B74D00B47A31 /* PARTNER WatchKit Extension.appex */,
				329D2E181AF7B74D00B47A31 /* PARTNER WatchKit App.app */,
			);
			name = Products;
			sourceTree = "<group>";
		};
		323009821997374800B4FE5E /* PARTNER */ = {
			isa = PBXGroup;
			children = (
				323009851997374800B4FE5E /* AppDelegate.swift */,
				324FE53619B4CFBB000AF85E /* Core */,
				32592F9C1A2AF918008E7021 /* Utils */,
				324FE51F19B4CD7F000AF85E /* UI */,
				3230098F1997374800B4FE5E /* Images.xcassets */,
				323009871997374800B4FE5E /* PARTNER.xcdatamodeld */,
				323009831997374800B4FE5E /* Supporting Files */,
				32E1BE0519BB4E5400EBE7F7 /* PARTNER-Bridging-Header.h */,
			);
			path = PARTNER;
			sourceTree = "<group>";
		};
		323009831997374800B4FE5E /* Supporting Files */ = {
			isa = PBXGroup;
			children = (
				323009841997374800B4FE5E /* Info.plist */,
				3233227D1B1A194A008659BD /* Localizable.strings */,
			);
			name = "Supporting Files";
			sourceTree = "<group>";
		};
		323009981997374800B4FE5E /* PARTNERTests */ = {
			isa = PBXGroup;
			children = (
				3230099B1997374800B4FE5E /* PARTNERTests.swift */,
				323009991997374800B4FE5E /* Supporting Files */,
			);
			path = PARTNERTests;
			sourceTree = "<group>";
		};
		323009991997374800B4FE5E /* Supporting Files */ = {
			isa = PBXGroup;
			children = (
				3230099A1997374800B4FE5E /* Info.plist */,
			);
			name = "Supporting Files";
			sourceTree = "<group>";
		};
		324FE51F19B4CD7F000AF85E /* UI */ = {
			isa = PBXGroup;
			children = (
				324FE52019B4CD7F000AF85E /* Main.storyboard */,
				3245E8D81AC7D72200FD84F3 /* BaseViewController.swift */,
				3222378C1AAAC6260069F0DD /* MainView */,
				322237A91AAAC6700069F0DD /* AddPartner */,
				3222379B1AAAC6550069F0DD /* SettingsView */,
			);
			path = UI;
			sourceTree = "<group>";
		};
		324FE53619B4CFBB000AF85E /* Core */ = {
			isa = PBXGroup;
			children = (
				322A09C51AACBDFF0023CA61 /* NSError+Partner.swift */,
				32E1BE0719BC2F7F00EBE7F7 /* Operation */,
				324FE53719B4CFBB000AF85E /* Model */,
			);
			path = Core;
			sourceTree = "<group>";
		};
		324FE53719B4CFBB000AF85E /* Model */ = {
			isa = PBXGroup;
			children = (
				3252E3741AFBADF9009CCF18 /* PARTNERConstants.swift */,
				32C82CD11ABDA52B00B6CCA7 /* PFObject */,
				32F6045D1ABD74300097BB9A /* Profile */,
				32F604611ABD74300097BB9A /* Status */,
				32F604661ABD74300097BB9A /* Statuses */,
			);
			path = Model;
			sourceTree = "<group>";
		};
		32592F9C1A2AF918008E7021 /* Utils */ = {
			isa = PBXGroup;
			children = (
				32592F9D1A2AF918008E7021 /* BlockActivity */,
				32592FA71A2AF918008E7021 /* MRProgressOverlayView+RyoAbe.h */,
				32592FA81A2AF918008E7021 /* MRProgressOverlayView+RyoAbe.m */,
				32592FA91A2AF918008E7021 /* UIUtil.h */,
				32592FAA1A2AF918008E7021 /* UIUtil.m */,
				320770941AAD45F800AA76BD /* Extentions+RyoAbe.swift */,
				3208708F1AAEBAAB009CA2DA /* Logger.swift */,
				32FFE58C1B1AB4CE009459C2 /* LocalizedString.swift */,
			);
			path = Utils;
			sourceTree = "<group>";
		};
		32592F9D1A2AF918008E7021 /* BlockActivity */ = {
			isa = PBXGroup;
			children = (
				32592F9E1A2AF918008E7021 /* BlockActivity.h */,
				32592F9F1A2AF918008E7021 /* BlockActivity.m */,
				32592FA01A2AF918008E7021 /* UIActivity+Blocks.h */,
				32592FA11A2AF918008E7021 /* UIActivity+Blocks.m */,
			);
			path = BlockActivity;
			sourceTree = "<group>";
		};
		329D2E0C1AF7B74D00B47A31 /* PARTNER WatchKit Extension */ = {
			isa = PBXGroup;
			children = (
				329D2E101AF7B74D00B47A31 /* InterfaceController.swift */,
				329D2E121AF7B74D00B47A31 /* NotificationController.swift */,
				3252E3791AFBC513009CCF18 /* StatusMenu.swift */,
				329D2E141AF7B74D00B47A31 /* Images.xcassets */,
				329D2E0D1AF7B74D00B47A31 /* Supporting Files */,
			);
			path = "PARTNER WatchKit Extension";
			sourceTree = "<group>";
		};
		329D2E0D1AF7B74D00B47A31 /* Supporting Files */ = {
			isa = PBXGroup;
			children = (
				329D2E0E1AF7B74D00B47A31 /* Info.plist */,
				329D2E0F1AF7B74D00B47A31 /* PushNotificationPayload.apns */,
			);
			name = "Supporting Files";
			sourceTree = "<group>";
		};
		329D2E1C1AF7B74D00B47A31 /* PARTNER WatchKit App */ = {
			isa = PBXGroup;
			children = (
				329D2E1F1AF7B74D00B47A31 /* Interface.storyboard */,
				329D2E221AF7B74D00B47A31 /* Images.xcassets */,
				329D2E1D1AF7B74D00B47A31 /* Supporting Files */,
			);
			path = "PARTNER WatchKit App";
			sourceTree = "<group>";
		};
		329D2E1D1AF7B74D00B47A31 /* Supporting Files */ = {
			isa = PBXGroup;
			children = (
				329D2E1E1AF7B74D00B47A31 /* Info.plist */,
			);
			name = "Supporting Files";
			sourceTree = "<group>";
		};
		32C82CD11ABDA52B00B6CCA7 /* PFObject */ = {
			isa = PBXGroup;
			children = (
				32C82CD21ABDA56500B6CCA7 /* PFObject+Partner.swift */,
			);
			path = PFObject;
			sourceTree = "<group>";
		};
		32E1BE0719BC2F7F00EBE7F7 /* Operation */ = {
			isa = PBXGroup;
			children = (
				324748741ADA274F00D33F33 /* UpdateProfileOperation.swift */,
				3229B2FE1AA74B2E00312D60 /* UpdatePartnerOperation.swift */,
				32E1BE0819BC2FB800EBE7F7 /* UpdateMyProfileOperation.swift */,
				3258C78B19C9DFDC00843022 /* LoginToFBOperation.swift */,
				327932431A556FCA0030A72F /* GetUserOperation.swift */,
				32F3C99A1A55923F0019F3B0 /* AddPartnerOperation.swift */,
				3229B2FC1AA7276200312D60 /* SendMyStatusOperation.swift */,
				32F3C9981A55913D0019F3B0 /* BaseOperation.swift */,
			);
			path = Operation;
			sourceTree = "<group>";
		};
		32F6045D1ABD74300097BB9A /* Profile */ = {
			isa = PBXGroup;
			children = (
				32F6045E1ABD74300097BB9A /* MyProfile.swift */,
				32F6045F1ABD74300097BB9A /* Partner.swift */,
				32F604601ABD74300097BB9A /* Profile.swift */,
			);
			path = Profile;
			sourceTree = "<group>";
		};
		32F604611ABD74300097BB9A /* Status */ = {
			isa = PBXGroup;
			children = (
				32F604621ABD74300097BB9A /* MyStatus.swift */,
				32F604631ABD74300097BB9A /* PartnersStatus.swift */,
				32F604641ABD74300097BB9A /* Status.swift */,
				32F604651ABD74300097BB9A /* StatusType.swift */,
			);
			path = Status;
			sourceTree = "<group>";
		};
		32F604661ABD74300097BB9A /* Statuses */ = {
			isa = PBXGroup;
			children = (
				32F604781ABD74B80097BB9A /* Statuses.swift */,
				32F604671ABD74300097BB9A /* DummyStatuses.swift */,
				32F604681ABD74300097BB9A /* MyStatuses.swift */,
				32F604691ABD74300097BB9A /* PartnersStatuses.swift */,
			);
			path = Statuses;
			sourceTree = "<group>";
		};
		899953D064E749BDBBCA6AAD /* Frameworks */ = {
			isa = PBXGroup;
			children = (
				D9B64D5061C642D792FC3A9A /* libPods-PARTNER.a */,
			);
			name = Frameworks;
			sourceTree = "<group>";
		};
		C67341F0C1948FCF66C7F797 /* Pods */ = {
			isa = PBXGroup;
			children = (
				5AEEFDF16C49165167AD0C9C /* Pods-PARTNER.debug.xcconfig */,
				B40DFF861AFF3EE1B50D737A /* Pods-PARTNER.release.xcconfig */,
			);
			name = Pods;
			sourceTree = "<group>";
		};
/* End PBXGroup section */

/* Begin PBXNativeTarget section */
		3230097F1997374800B4FE5E /* PARTNER */ = {
			isa = PBXNativeTarget;
			buildConfigurationList = 3230099F1997374800B4FE5E /* Build configuration list for PBXNativeTarget "PARTNER" */;
			buildPhases = (
				AA4B75C6B736418E93734BE4 /* Check Pods Manifest.lock */,
				3230097C1997374800B4FE5E /* Sources */,
				3230097D1997374800B4FE5E /* Frameworks */,
				3230097E1997374800B4FE5E /* Resources */,
				2535C4C7378C4F50AA186043 /* Copy Pods Resources */,
				329D2E2D1AF7B74D00B47A31 /* Embed App Extensions */,
				32BF76481AFB09BB005C8BDF /* ShellScript */,
			);
			buildRules = (
			);
			dependencies = (
				329D2E251AF7B74D00B47A31 /* PBXTargetDependency */,
			);
			name = PARTNER;
			productName = PARTNER;
			productReference = 323009801997374800B4FE5E /* PARTNER.app */;
			productType = "com.apple.product-type.application";
		};
		323009941997374800B4FE5E /* PARTNERTests */ = {
			isa = PBXNativeTarget;
			buildConfigurationList = 323009A21997374800B4FE5E /* Build configuration list for PBXNativeTarget "PARTNERTests" */;
			buildPhases = (
				323009911997374800B4FE5E /* Sources */,
				323009921997374800B4FE5E /* Frameworks */,
				323009931997374800B4FE5E /* Resources */,
			);
			buildRules = (
			);
			dependencies = (
				323009971997374800B4FE5E /* PBXTargetDependency */,
			);
			name = PARTNERTests;
			productName = PARTNERTests;
			productReference = 323009951997374800B4FE5E /* PARTNERTests.xctest */;
			productType = "com.apple.product-type.bundle.unit-test";
		};
		329D2E0A1AF7B74D00B47A31 /* PARTNER WatchKit Extension */ = {
			isa = PBXNativeTarget;
			buildConfigurationList = 329D2E2C1AF7B74D00B47A31 /* Build configuration list for PBXNativeTarget "PARTNER WatchKit Extension" */;
			buildPhases = (
				329D2E071AF7B74D00B47A31 /* Sources */,
				329D2E081AF7B74D00B47A31 /* Frameworks */,
				329D2E091AF7B74D00B47A31 /* Resources */,
			);
			buildRules = (
			);
			dependencies = (
				329D2E1B1AF7B74D00B47A31 /* PBXTargetDependency */,
			);
			name = "PARTNER WatchKit Extension";
			productName = "PARTNER WatchKit Extension";
			productReference = 329D2E0B1AF7B74D00B47A31 /* PARTNER WatchKit Extension.appex */;
			productType = "com.apple.product-type.watchkit-extension";
		};
		329D2E171AF7B74D00B47A31 /* PARTNER WatchKit App */ = {
			isa = PBXNativeTarget;
			buildConfigurationList = 329D2E2B1AF7B74D00B47A31 /* Build configuration list for PBXNativeTarget "PARTNER WatchKit App" */;
			buildPhases = (
				329D2E161AF7B74D00B47A31 /* Resources */,
			);
			buildRules = (
			);
			dependencies = (
			);
			name = "PARTNER WatchKit App";
			productName = "PARTNER WatchKit App";
			productReference = 329D2E181AF7B74D00B47A31 /* PARTNER WatchKit App.app */;
			productType = "com.apple.product-type.application.watchapp";
		};
/* End PBXNativeTarget section */

/* Begin PBXProject section */
		323009781997374800B4FE5E /* Project object */ = {
			isa = PBXProject;
			attributes = {
				LastUpgradeCheck = 0600;
				ORGANIZATIONNAME = RyoAbe;
				TargetAttributes = {
					3230097F1997374800B4FE5E = {
						CreatedOnToolsVersion = 6.0;
						DevelopmentTeam = 73VBXUT85B;
						SystemCapabilities = {
							com.apple.BackgroundModes = {
								enabled = 1;
							};
						};
					};
					323009941997374800B4FE5E = {
						CreatedOnToolsVersion = 6.0;
						TestTargetID = 3230097F1997374800B4FE5E;
					};
					329D2E0A1AF7B74D00B47A31 = {
						CreatedOnToolsVersion = 6.3.1;
						DevelopmentTeam = 73VBXUT85B;
					};
					329D2E171AF7B74D00B47A31 = {
						CreatedOnToolsVersion = 6.3.1;
						DevelopmentTeam = 73VBXUT85B;
					};
				};
			};
			buildConfigurationList = 3230097B1997374800B4FE5E /* Build configuration list for PBXProject "PARTNER" */;
			compatibilityVersion = "Xcode 3.2";
			developmentRegion = English;
			hasScannedForEncodings = 0;
			knownRegions = (
				en,
				Base,
				ja,
			);
			mainGroup = 323009771997374800B4FE5E;
			productRefGroup = 323009811997374800B4FE5E /* Products */;
			projectDirPath = "";
			projectRoot = "";
			targets = (
				3230097F1997374800B4FE5E /* PARTNER */,
				323009941997374800B4FE5E /* PARTNERTests */,
				329D2E0A1AF7B74D00B47A31 /* PARTNER WatchKit Extension */,
				329D2E171AF7B74D00B47A31 /* PARTNER WatchKit App */,
			);
		};
/* End PBXProject section */

/* Begin PBXResourcesBuildPhase section */
		3230097E1997374800B4FE5E /* Resources */ = {
			isa = PBXResourcesBuildPhase;
			buildActionMask = 2147483647;
			files = (
				32D162EA1AB532AE00DB48E0 /* MyHistoryCell.xib in Resources */,
				323009901997374800B4FE5E /* Images.xcassets in Resources */,
				325BFC3A1AB53B900052B725 /* PartnersHistoryCell.xib in Resources */,
				3222379A1AAAC6260069F0DD /* StatusView.xib in Resources */,
				322237A61AAAC6550069F0DD /* LicenseCell.xib in Resources */,
				3233227B1B1A194A008659BD /* Localizable.strings in Resources */,
				322237971AAAC6260069F0DD /* MessageMenuCell.xib in Resources */,
				324FE52A19B4CD7F000AF85E /* Main.storyboard in Resources */,
			);
			runOnlyForDeploymentPostprocessing = 0;
		};
		323009931997374800B4FE5E /* Resources */ = {
			isa = PBXResourcesBuildPhase;
			buildActionMask = 2147483647;
			files = (
			);
			runOnlyForDeploymentPostprocessing = 0;
		};
		329D2E091AF7B74D00B47A31 /* Resources */ = {
			isa = PBXResourcesBuildPhase;
			buildActionMask = 2147483647;
			files = (
				3252E3721AFBACFD009CCF18 /* Images.xcassets in Resources */,
				326FDC381B1AE62E00E3F6BC /* Localizable.strings in Resources */,
				329D2E151AF7B74D00B47A31 /* Images.xcassets in Resources */,
				329D2E191AF7B74D00B47A31 /* PARTNER WatchKit App.app in Resources */,
			);
			runOnlyForDeploymentPostprocessing = 0;
		};
		329D2E161AF7B74D00B47A31 /* Resources */ = {
			isa = PBXResourcesBuildPhase;
			buildActionMask = 2147483647;
			files = (
				329D2E211AF7B74D00B47A31 /* Interface.storyboard in Resources */,
				326FDC391B1AE68D00E3F6BC /* Localizable.strings in Resources */,
				329D2E231AF7B74D00B47A31 /* Images.xcassets in Resources */,
			);
			runOnlyForDeploymentPostprocessing = 0;
		};
/* End PBXResourcesBuildPhase section */

/* Begin PBXShellScriptBuildPhase section */
		2535C4C7378C4F50AA186043 /* Copy Pods Resources */ = {
			isa = PBXShellScriptBuildPhase;
			buildActionMask = 2147483647;
			files = (
			);
			inputPaths = (
			);
			name = "Copy Pods Resources";
			outputPaths = (
			);
			runOnlyForDeploymentPostprocessing = 0;
			shellPath = /bin/sh;
			shellScript = "\"${SRCROOT}/Pods/Target Support Files/Pods-PARTNER/Pods-PARTNER-resources.sh\"\n";
			showEnvVarsInLog = 0;
		};
		32BF76481AFB09BB005C8BDF /* ShellScript */ = {
			isa = PBXShellScriptBuildPhase;
			buildActionMask = 2147483647;
			files = (
			);
			inputPaths = (
			);
			outputPaths = (
			);
			runOnlyForDeploymentPostprocessing = 0;
			shellPath = /bin/sh;
			shellScript = "echo \"Parse Crash Reporting\"\nexport PATH=/usr/local/bin:$PATH\nCLOUD_CODE_DIR=/Users/ryoabe/Dropbox/Work/01_Private/03_PARTNER/PARTNER/ParseCloudCode/parse/\n\nif [ -d ${CLOUD_CODE_DIR} ]; then\n    cd ${CLOUD_CODE_DIR}\n    echo \"Path -> ${DWARF_DSYM_FOLDER_PATH}/${DWARF_DSYM_FILE_NAME}\"\n    parse symbols YOUR_PARSE_APP_NAME --path=\"${DWARF_DSYM_FOLDER_PATH}/${DWARF_DSYM_FILE_NAME}\"\n    echo \"Finished uploading symbol\"\nelse\n    echo \"Unable to upload symbols\"\nfi";
		};
		AA4B75C6B736418E93734BE4 /* Check Pods Manifest.lock */ = {
			isa = PBXShellScriptBuildPhase;
			buildActionMask = 2147483647;
			files = (
			);
			inputPaths = (
			);
			name = "Check Pods Manifest.lock";
			outputPaths = (
			);
			runOnlyForDeploymentPostprocessing = 0;
			shellPath = /bin/sh;
			shellScript = "diff \"${PODS_ROOT}/../Podfile.lock\" \"${PODS_ROOT}/Manifest.lock\" > /dev/null\nif [[ $? != 0 ]] ; then\n    cat << EOM\nerror: The sandbox is not in sync with the Podfile.lock. Run 'pod install' or update your CocoaPods installation.\nEOM\n    exit 1\nfi\n";
			showEnvVarsInLog = 0;
		};
/* End PBXShellScriptBuildPhase section */

/* Begin PBXSourcesBuildPhase section */
		3230097C1997374800B4FE5E /* Sources */ = {
			isa = PBXSourcesBuildPhase;
			buildActionMask = 2147483647;
			files = (
				322237991AAAC6260069F0DD /* StatusView.swift in Sources */,
				32F6046B1ABD74300097BB9A /* MyProfile.swift in Sources */,
				322237AD1AAAC6700069F0DD /* QRReaderViewController.swift in Sources */,
				32F604711ABD74300097BB9A /* StatusType.swift in Sources */,
				32F604731ABD74300097BB9A /* MyStatuses.swift in Sources */,
				3245E8D91AC7D72200FD84F3 /* BaseViewController.swift in Sources */,
				32592FAC1A2AF918008E7021 /* UIActivity+Blocks.m in Sources */,
				322237A71AAAC6550069F0DD /* LicenseViewController.m in Sources */,
				32D162EB1AB532AE00DB48E0 /* PartnersHistoryCell.swift in Sources */,
				32E1BE0919BC2FB800EBE7F7 /* UpdateMyProfileOperation.swift in Sources */,
				322237A51AAAC6550069F0DD /* LicenseCell.m in Sources */,
				3258C78C19C9DFDC00843022 /* LoginToFBOperation.swift in Sources */,
				3252E3751AFBADF9009CCF18 /* PARTNERConstants.swift in Sources */,
				322237A41AAAC6550069F0DD /* AboutViewController.swift in Sources */,
				32FFE58D1B1AB4CE009459C2 /* LocalizedString.swift in Sources */,
				321058C51AAAF59F001EA3D7 /* HistoryViewDelegate.swift in Sources */,
				324748751ADA274F00D33F33 /* UpdateProfileOperation.swift in Sources */,
				32592FAF1A2AF918008E7021 /* MRProgressOverlayView+RyoAbe.m in Sources */,
				32F6046C1ABD74300097BB9A /* Partner.swift in Sources */,
				322237981AAAC6260069F0DD /* StatusBaseView.swift in Sources */,
				32592FAB1A2AF918008E7021 /* BlockActivity.m in Sources */,
				32F6046E1ABD74300097BB9A /* MyStatus.swift in Sources */,
				322A09C61AACBDFF0023CA61 /* NSError+Partner.swift in Sources */,
				32F604701ABD74300097BB9A /* Status.swift in Sources */,
				322237961AAAC6260069F0DD /* MessageMenuCell.swift in Sources */,
				322237AC1AAAC6700069F0DD /* MyQRCodePreviewController.swift in Sources */,
				3229B2FD1AA7276200312D60 /* SendMyStatusOperation.swift in Sources */,
				32C82CD31ABDA56500B6CCA7 /* PFObject+Partner.swift in Sources */,
				32F604791ABD74B80097BB9A /* Statuses.swift in Sources */,
				32F604721ABD74300097BB9A /* DummyStatuses.swift in Sources */,
				323009891997374800B4FE5E /* PARTNER.xcdatamodeld in Sources */,
				320770951AAD45F800AA76BD /* Extentions+RyoAbe.swift in Sources */,
				3229B2FF1AA74B2E00312D60 /* UpdatePartnerOperation.swift in Sources */,
				3210A3251AAADF870081C0C0 /* HistoryViewController.swift in Sources */,
				322237951AAAC6260069F0DD /* MainViewController.swift in Sources */,
				320870901AAEBAAB009CA2DA /* Logger.swift in Sources */,
				32F604741ABD74300097BB9A /* PartnersStatuses.swift in Sources */,
				32F3C9991A55913D0019F3B0 /* BaseOperation.swift in Sources */,
				32F3C99B1A55923F0019F3B0 /* AddPartnerOperation.swift in Sources */,
				327932441A556FCA0030A72F /* GetUserOperation.swift in Sources */,
				323009861997374800B4FE5E /* AppDelegate.swift in Sources */,
				325BFC3C1AB53BBD0052B725 /* HistoryBaseCell.swift in Sources */,
				32592FB01A2AF918008E7021 /* UIUtil.m in Sources */,
				32F6046D1ABD74300097BB9A /* Profile.swift in Sources */,
				322237A81AAAC6550069F0DD /* SettingsViewController.swift in Sources */,
				32D162E91AB532AE00DB48E0 /* MyHistoryCell.swift in Sources */,
				32F6046F1ABD74300097BB9A /* PartnersStatus.swift in Sources */,
				321058C31AAAF579001EA3D7 /* HistoryViewDataSource.swift in Sources */,
			);
			runOnlyForDeploymentPostprocessing = 0;
		};
		323009911997374800B4FE5E /* Sources */ = {
			isa = PBXSourcesBuildPhase;
			buildActionMask = 2147483647;
			files = (
				3230099C1997374800B4FE5E /* PARTNERTests.swift in Sources */,
			);
			runOnlyForDeploymentPostprocessing = 0;
		};
		329D2E071AF7B74D00B47A31 /* Sources */ = {
			isa = PBXSourcesBuildPhase;
			buildActionMask = 2147483647;
			files = (
				32559A391B08C8060009BD43 /* Logger.swift in Sources */,
				3252E37A1AFBC513009CCF18 /* StatusMenu.swift in Sources */,
				32FFE58E1B1AB5CE009459C2 /* LocalizedString.swift in Sources */,
				32246C061B024339000B756B /* StatusType.swift in Sources */,
				329D2E131AF7B74D00B47A31 /* NotificationController.swift in Sources */,
				329D2E111AF7B74D00B47A31 /* InterfaceController.swift in Sources */,
			);
			runOnlyForDeploymentPostprocessing = 0;
		};
/* End PBXSourcesBuildPhase section */

/* Begin PBXTargetDependency section */
		323009971997374800B4FE5E /* PBXTargetDependency */ = {
			isa = PBXTargetDependency;
			target = 3230097F1997374800B4FE5E /* PARTNER */;
			targetProxy = 323009961997374800B4FE5E /* PBXContainerItemProxy */;
		};
		329D2E1B1AF7B74D00B47A31 /* PBXTargetDependency */ = {
			isa = PBXTargetDependency;
			target = 329D2E171AF7B74D00B47A31 /* PARTNER WatchKit App */;
			targetProxy = 329D2E1A1AF7B74D00B47A31 /* PBXContainerItemProxy */;
		};
		329D2E251AF7B74D00B47A31 /* PBXTargetDependency */ = {
			isa = PBXTargetDependency;
			target = 329D2E0A1AF7B74D00B47A31 /* PARTNER WatchKit Extension */;
			targetProxy = 329D2E241AF7B74D00B47A31 /* PBXContainerItemProxy */;
		};
/* End PBXTargetDependency section */

/* Begin PBXVariantGroup section */
		3233227D1B1A194A008659BD /* Localizable.strings */ = {
			isa = PBXVariantGroup;
			children = (
				3233227C1B1A194A008659BD /* en */,
				3233227E1B1A194B008659BD /* ja */,
			);
			name = Localizable.strings;
			sourceTree = "<group>";
		};
		324FE52019B4CD7F000AF85E /* Main.storyboard */ = {
			isa = PBXVariantGroup;
			children = (
				324FE52119B4CD7F000AF85E /* Base */,
				323322801B1A1988008659BD /* en */,
				323322821B1A1992008659BD /* ja */,
			);
			name = Main.storyboard;
			sourceTree = "<group>";
		};
		329D2E1F1AF7B74D00B47A31 /* Interface.storyboard */ = {
			isa = PBXVariantGroup;
			children = (
				329D2E201AF7B74D00B47A31 /* Base */,
				3233226A1B1A17ED008659BD /* ja */,
				3233226E1B1A185E008659BD /* en */,
			);
			name = Interface.storyboard;
			sourceTree = "<group>";
		};
/* End PBXVariantGroup section */

/* Begin XCBuildConfiguration section */
		3230099D1997374800B4FE5E /* Debug */ = {
			isa = XCBuildConfiguration;
			buildSettings = {
				ALWAYS_SEARCH_USER_PATHS = NO;
				CLANG_CXX_LANGUAGE_STANDARD = "gnu++0x";
				CLANG_CXX_LIBRARY = "libc++";
				CLANG_ENABLE_MODULES = YES;
				CLANG_ENABLE_OBJC_ARC = YES;
				CLANG_WARN_BOOL_CONVERSION = YES;
				CLANG_WARN_CONSTANT_CONVERSION = YES;
				CLANG_WARN_DIRECT_OBJC_ISA_USAGE = YES_ERROR;
				CLANG_WARN_EMPTY_BODY = YES;
				CLANG_WARN_ENUM_CONVERSION = YES;
				CLANG_WARN_INT_CONVERSION = YES;
				CLANG_WARN_OBJC_ROOT_CLASS = YES_ERROR;
				CLANG_WARN_UNREACHABLE_CODE = YES;
				CLANG_WARN__DUPLICATE_METHOD_MATCH = YES;
				"CODE_SIGN_IDENTITY[sdk=iphoneos*]" = "iPhone Developer";
				COPY_PHASE_STRIP = NO;
				ENABLE_STRICT_OBJC_MSGSEND = YES;
				GCC_C_LANGUAGE_STANDARD = gnu99;
				GCC_DYNAMIC_NO_PIC = NO;
				GCC_OPTIMIZATION_LEVEL = 0;
				GCC_PREPROCESSOR_DEFINITIONS = (
					"DEBUG=1",
					"$(inherited)",
				);
				GCC_SYMBOLS_PRIVATE_EXTERN = NO;
				GCC_WARN_64_TO_32_BIT_CONVERSION = YES;
				GCC_WARN_ABOUT_RETURN_TYPE = YES_ERROR;
				GCC_WARN_UNDECLARED_SELECTOR = YES;
				GCC_WARN_UNINITIALIZED_AUTOS = YES_AGGRESSIVE;
				GCC_WARN_UNUSED_FUNCTION = YES;
				GCC_WARN_UNUSED_VARIABLE = YES;
				IPHONEOS_DEPLOYMENT_TARGET = 8.0;
				MTL_ENABLE_DEBUG_INFO = YES;
				ONLY_ACTIVE_ARCH = YES;
				OTHER_SWIFT_FLAGS = "-D DEBUG";
				SDKROOT = iphoneos;
				SWIFT_OPTIMIZATION_LEVEL = "-Onone";
			};
			name = Debug;
		};
		3230099E1997374800B4FE5E /* Release */ = {
			isa = XCBuildConfiguration;
			buildSettings = {
				ALWAYS_SEARCH_USER_PATHS = NO;
				CLANG_CXX_LANGUAGE_STANDARD = "gnu++0x";
				CLANG_CXX_LIBRARY = "libc++";
				CLANG_ENABLE_MODULES = YES;
				CLANG_ENABLE_OBJC_ARC = YES;
				CLANG_WARN_BOOL_CONVERSION = YES;
				CLANG_WARN_CONSTANT_CONVERSION = YES;
				CLANG_WARN_DIRECT_OBJC_ISA_USAGE = YES_ERROR;
				CLANG_WARN_EMPTY_BODY = YES;
				CLANG_WARN_ENUM_CONVERSION = YES;
				CLANG_WARN_INT_CONVERSION = YES;
				CLANG_WARN_OBJC_ROOT_CLASS = YES_ERROR;
				CLANG_WARN_UNREACHABLE_CODE = YES;
				CLANG_WARN__DUPLICATE_METHOD_MATCH = YES;
				CODE_SIGN_IDENTITY = "Apple Production IOS Push Services: com.ryoabe.PARTNER";
				"CODE_SIGN_IDENTITY[sdk=iphoneos*]" = "iPhone Developer";
				COPY_PHASE_STRIP = YES;
				ENABLE_NS_ASSERTIONS = NO;
				ENABLE_STRICT_OBJC_MSGSEND = YES;
				GCC_C_LANGUAGE_STANDARD = gnu99;
				GCC_WARN_64_TO_32_BIT_CONVERSION = YES;
				GCC_WARN_ABOUT_RETURN_TYPE = YES_ERROR;
				GCC_WARN_UNDECLARED_SELECTOR = YES;
				GCC_WARN_UNINITIALIZED_AUTOS = YES_AGGRESSIVE;
				GCC_WARN_UNUSED_FUNCTION = YES;
				GCC_WARN_UNUSED_VARIABLE = YES;
				IPHONEOS_DEPLOYMENT_TARGET = 8.0;
				MTL_ENABLE_DEBUG_INFO = NO;
				PROVISIONING_PROFILE = "e19a6a55-ccad-4fe3-a39f-436026851e0c";
				SDKROOT = iphoneos;
				VALIDATE_PRODUCT = YES;
			};
			name = Release;
		};
		323009A01997374800B4FE5E /* Debug */ = {
			isa = XCBuildConfiguration;
			baseConfigurationReference = 5AEEFDF16C49165167AD0C9C /* Pods-PARTNER.debug.xcconfig */;
			buildSettings = {
				ASSETCATALOG_COMPILER_APPICON_NAME = AppIcon;
				ASSETCATALOG_COMPILER_LAUNCHIMAGE_NAME = LaunchImage;
				CLANG_ENABLE_MODULES = YES;
				CODE_SIGN_IDENTITY = "iPhone Developer";
				"CODE_SIGN_IDENTITY[sdk=iphoneos*]" = "iPhone Developer";
				FRAMEWORK_SEARCH_PATHS = "$(inherited)";
				INFOPLIST_FILE = PARTNER/Info.plist;
				IPHONEOS_DEPLOYMENT_TARGET = 8.0;
				LD_RUNPATH_SEARCH_PATHS = "$(inherited) @executable_path/Frameworks";
				PRODUCT_NAME = "$(TARGET_NAME)";
				PROVISIONING_PROFILE = "";
				SWIFT_OBJC_BRIDGING_HEADER = "PARTNER/PARTNER-Bridging-Header.h";
				SWIFT_OPTIMIZATION_LEVEL = "-Onone";
				TARGETED_DEVICE_FAMILY = 1;
			};
			name = Debug;
		};
		323009A11997374800B4FE5E /* Release */ = {
			isa = XCBuildConfiguration;
			baseConfigurationReference = B40DFF861AFF3EE1B50D737A /* Pods-PARTNER.release.xcconfig */;
			buildSettings = {
				ASSETCATALOG_COMPILER_APPICON_NAME = AppIcon;
				ASSETCATALOG_COMPILER_LAUNCHIMAGE_NAME = LaunchImage;
				CLANG_ENABLE_MODULES = YES;
				CODE_SIGN_IDENTITY = "";
				"CODE_SIGN_IDENTITY[sdk=iphoneos*]" = "";
				FRAMEWORK_SEARCH_PATHS = "$(inherited)";
				INFOPLIST_FILE = PARTNER/Info.plist;
				IPHONEOS_DEPLOYMENT_TARGET = 8.0;
				LD_RUNPATH_SEARCH_PATHS = "$(inherited) @executable_path/Frameworks";
				PRODUCT_NAME = "$(TARGET_NAME)";
				PROVISIONING_PROFILE = "e19a6a55-ccad-4fe3-a39f-436026851e0c";
				SWIFT_OBJC_BRIDGING_HEADER = "PARTNER/PARTNER-Bridging-Header.h";
				TARGETED_DEVICE_FAMILY = 1;
			};
			name = Release;
		};
		323009A31997374800B4FE5E /* Debug */ = {
			isa = XCBuildConfiguration;
			buildSettings = {
				BUNDLE_LOADER = "$(BUILT_PRODUCTS_DIR)/PARTNER.app/PARTNER";
				FRAMEWORK_SEARCH_PATHS = (
					"$(SDKROOT)/Developer/Library/Frameworks",
					"$(inherited)",
				);
				GCC_PREPROCESSOR_DEFINITIONS = (
					"DEBUG=1",
					"$(inherited)",
				);
				INFOPLIST_FILE = PARTNERTests/Info.plist;
				LD_RUNPATH_SEARCH_PATHS = "$(inherited) @executable_path/Frameworks @loader_path/Frameworks";
				PRODUCT_NAME = "$(TARGET_NAME)";
				TEST_HOST = "$(BUNDLE_LOADER)";
			};
			name = Debug;
		};
		323009A41997374800B4FE5E /* Release */ = {
			isa = XCBuildConfiguration;
			buildSettings = {
				BUNDLE_LOADER = "$(BUILT_PRODUCTS_DIR)/PARTNER.app/PARTNER";
				FRAMEWORK_SEARCH_PATHS = (
					"$(SDKROOT)/Developer/Library/Frameworks",
					"$(inherited)",
				);
				INFOPLIST_FILE = PARTNERTests/Info.plist;
				LD_RUNPATH_SEARCH_PATHS = "$(inherited) @executable_path/Frameworks @loader_path/Frameworks";
				PRODUCT_NAME = "$(TARGET_NAME)";
				TEST_HOST = "$(BUNDLE_LOADER)";
			};
			name = Release;
		};
		329D2E271AF7B74D00B47A31 /* Debug */ = {
			isa = XCBuildConfiguration;
			buildSettings = {
				CODE_SIGN_IDENTITY = "iPhone Developer";
				"CODE_SIGN_IDENTITY[sdk=iphoneos*]" = "iPhone Developer";
				DEBUG_INFORMATION_FORMAT = "dwarf-with-dsym";
				GCC_NO_COMMON_BLOCKS = YES;
				GCC_PREPROCESSOR_DEFINITIONS = (
					"DEBUG=1",
					"$(inherited)",
				);
				INFOPLIST_FILE = "PARTNER WatchKit Extension/Info.plist";
				IPHONEOS_DEPLOYMENT_TARGET = 8.2;
				LD_RUNPATH_SEARCH_PATHS = "$(inherited) @executable_path/Frameworks @executable_path/../../Frameworks";
				PRODUCT_NAME = "${TARGET_NAME}";
				PROVISIONING_PROFILE = "";
				SKIP_INSTALL = YES;
			};
			name = Debug;
		};
		329D2E281AF7B74D00B47A31 /* Release */ = {
			isa = XCBuildConfiguration;
			buildSettings = {
				CODE_SIGN_IDENTITY = "iPhone Distribution";
				"CODE_SIGN_IDENTITY[sdk=iphoneos*]" = "iPhone Distribution";
				COPY_PHASE_STRIP = NO;
				DEBUG_INFORMATION_FORMAT = "dwarf-with-dsym";
				GCC_NO_COMMON_BLOCKS = YES;
				INFOPLIST_FILE = "PARTNER WatchKit Extension/Info.plist";
				IPHONEOS_DEPLOYMENT_TARGET = 8.2;
				LD_RUNPATH_SEARCH_PATHS = "$(inherited) @executable_path/Frameworks @executable_path/../../Frameworks";
				PRODUCT_NAME = "${TARGET_NAME}";
				PROVISIONING_PROFILE = "2298ca1d-f626-4135-96c6-689120a8d277";
				SKIP_INSTALL = YES;
			};
			name = Release;
		};
		329D2E291AF7B74D00B47A31 /* Debug */ = {
			isa = XCBuildConfiguration;
			buildSettings = {
				ASSETCATALOG_COMPILER_APPICON_NAME = AppIcon;
				CODE_SIGN_IDENTITY = "iPhone Developer";
				"CODE_SIGN_IDENTITY[sdk=iphoneos*]" = "iPhone Developer";
				DEBUG_INFORMATION_FORMAT = "dwarf-with-dsym";
				GCC_NO_COMMON_BLOCKS = YES;
				GCC_PREPROCESSOR_DEFINITIONS = (
					"DEBUG=1",
					"$(inherited)",
				);
				IBSC_MODULE = PARTNER_WatchKit_Extension;
				INFOPLIST_FILE = "PARTNER WatchKit App/Info.plist";
				IPHONEOS_DEPLOYMENT_TARGET = 8.2;
				PRODUCT_NAME = "$(TARGET_NAME)";
				PROVISIONING_PROFILE = "";
				SKIP_INSTALL = YES;
				TARGETED_DEVICE_FAMILY = 4;
				"TARGETED_DEVICE_FAMILY[sdk=iphonesimulator*]" = "1,4";
			};
			name = Debug;
		};
		329D2E2A1AF7B74D00B47A31 /* Release */ = {
			isa = XCBuildConfiguration;
			buildSettings = {
				ASSETCATALOG_COMPILER_APPICON_NAME = AppIcon;
				CODE_SIGN_IDENTITY = "iPhone Developer";
				"CODE_SIGN_IDENTITY[sdk=iphoneos*]" = "iPhone Developer";
				COPY_PHASE_STRIP = NO;
				DEBUG_INFORMATION_FORMAT = "dwarf-with-dsym";
				GCC_NO_COMMON_BLOCKS = YES;
				IBSC_MODULE = PARTNER_WatchKit_Extension;
				INFOPLIST_FILE = "PARTNER WatchKit App/Info.plist";
				IPHONEOS_DEPLOYMENT_TARGET = 8.2;
				PRODUCT_NAME = "$(TARGET_NAME)";
				PROVISIONING_PROFILE = "94c78e94-5a4a-48db-86f3-b38cc91eaf8c";
				SKIP_INSTALL = YES;
				TARGETED_DEVICE_FAMILY = 4;
				"TARGETED_DEVICE_FAMILY[sdk=iphonesimulator*]" = "1,4";
			};
			name = Release;
		};
/* End XCBuildConfiguration section */

/* Begin XCConfigurationList section */
		3230097B1997374800B4FE5E /* Build configuration list for PBXProject "PARTNER" */ = {
			isa = XCConfigurationList;
			buildConfigurations = (
				3230099D1997374800B4FE5E /* Debug */,
				3230099E1997374800B4FE5E /* Release */,
			);
			defaultConfigurationIsVisible = 0;
			defaultConfigurationName = Release;
		};
		3230099F1997374800B4FE5E /* Build configuration list for PBXNativeTarget "PARTNER" */ = {
			isa = XCConfigurationList;
			buildConfigurations = (
				323009A01997374800B4FE5E /* Debug */,
				323009A11997374800B4FE5E /* Release */,
			);
			defaultConfigurationIsVisible = 0;
			defaultConfigurationName = Release;
		};
		323009A21997374800B4FE5E /* Build configuration list for PBXNativeTarget "PARTNERTests" */ = {
			isa = XCConfigurationList;
			buildConfigurations = (
				323009A31997374800B4FE5E /* Debug */,
				323009A41997374800B4FE5E /* Release */,
			);
			defaultConfigurationIsVisible = 0;
			defaultConfigurationName = Release;
		};
		329D2E2B1AF7B74D00B47A31 /* Build configuration list for PBXNativeTarget "PARTNER WatchKit App" */ = {
			isa = XCConfigurationList;
			buildConfigurations = (
				329D2E291AF7B74D00B47A31 /* Debug */,
				329D2E2A1AF7B74D00B47A31 /* Release */,
			);
			defaultConfigurationIsVisible = 0;
			defaultConfigurationName = Release;
		};
		329D2E2C1AF7B74D00B47A31 /* Build configuration list for PBXNativeTarget "PARTNER WatchKit Extension" */ = {
			isa = XCConfigurationList;
			buildConfigurations = (
				329D2E271AF7B74D00B47A31 /* Debug */,
				329D2E281AF7B74D00B47A31 /* Release */,
			);
			defaultConfigurationIsVisible = 0;
			defaultConfigurationName = Release;
		};
/* End XCConfigurationList section */

/* Begin XCVersionGroup section */
		323009871997374800B4FE5E /* PARTNER.xcdatamodeld */ = {
			isa = XCVersionGroup;
			children = (
				323009881997374800B4FE5E /* PARTNER.xcdatamodel */,
			);
			currentVersion = 323009881997374800B4FE5E /* PARTNER.xcdatamodel */;
			path = PARTNER.xcdatamodeld;
			sourceTree = "<group>";
			versionGroupType = wrapper.xcdatamodel;
		};
/* End XCVersionGroup section */
	};
	rootObject = 323009781997374800B4FE5E /* Project object */;
}
